// !$*UTF8*$!
{
	archiveVersion = 1;
	classes = {
	};
	objectVersion = 46;
	objects = {

/* Begin PBXBuildFile section */
		13B07FBC1A68108700A75B9A /* AppDelegate.m in Sources */ = {isa = PBXBuildFile; fileRef = 13B07FB01A68108700A75B9A /* AppDelegate.m */; };
		13B07FBF1A68108700A75B9A /* Images.xcassets in Resources */ = {isa = PBXBuildFile; fileRef = 13B07FB51A68108700A75B9A /* Images.xcassets */; };
		13B07FC11A68108700A75B9A /* main.m in Sources */ = {isa = PBXBuildFile; fileRef = 13B07FB71A68108700A75B9A /* main.m */; };
		2D02E4BC1E0B4A80006451C7 /* AppDelegate.m in Sources */ = {isa = PBXBuildFile; fileRef = 13B07FB01A68108700A75B9A /* AppDelegate.m */; };
		2D02E4BD1E0B4A84006451C7 /* Images.xcassets in Resources */ = {isa = PBXBuildFile; fileRef = 13B07FB51A68108700A75B9A /* Images.xcassets */; };
		2D02E4BF1E0B4AB3006451C7 /* main.m in Sources */ = {isa = PBXBuildFile; fileRef = 13B07FB71A68108700A75B9A /* main.m */; };
		2DCD954D1E0B4F2C00145EB5 /* xinkongjianpztTests.m in Sources */ = {isa = PBXBuildFile; fileRef = 00E356F21AD99517003FC87E /* xinkongjianpztTests.m */; };
		34FAC0AD0A2E4414B11C0F1C /* libXGPush.a in Frameworks */ = {isa = PBXBuildFile; fileRef = 0F45BD51BBE24C398FE34D76 /* libXGPush.a */; };
		6ED55FAA14B744CFA828ACC8 /* libRCTBarcode.a in Frameworks */ = {isa = PBXBuildFile; fileRef = BCBBC7FA8CBF45A8A1F042CC /* libRCTBarcode.a */; };
		972B1298437E971AFC4D7631 /* libPods-xinkongjianpzt.a in Frameworks */ = {isa = PBXBuildFile; fileRef = E13EA77C4C9F0BA7D70D7E70 /* libPods-xinkongjianpzt.a */; };
		A7AC50EA3F9D26E5D4DA9496 /* libPods-xinkongjianpztTests.a in Frameworks */ = {isa = PBXBuildFile; fileRef = 76243262813AAA1567661091 /* libPods-xinkongjianpztTests.a */; };
		BBB676B01E79D3E5AE64E488 /* libPods-xinkongjianpzt-tvOS.a in Frameworks */ = {isa = PBXBuildFile; fileRef = 8EDEC92FF7E16A22D02672EE /* libPods-xinkongjianpzt-tvOS.a */; };
		D4FDB2B4030433047F1194B5 /* libPods-xinkongjianpzt-tvOSTests.a in Frameworks */ = {isa = PBXBuildFile; fileRef = E79037F32A8FD1F0A81FCDA3 /* libPods-xinkongjianpzt-tvOSTests.a */; };
		D50B8016233DA1E40090230D /* libRNReactNativeLocalBarcodeRecognizer.a in Frameworks */ = {isa = PBXBuildFile; fileRef = D50B8014233DA1D90090230D /* libRNReactNativeLocalBarcodeRecognizer.a */; };
		D52AC2F9231E0FDD001B740E /* libReactNativePermissions.a in Frameworks */ = {isa = PBXBuildFile; fileRef = D52AC2F8231E0FDD001B740E /* libReactNativePermissions.a */; };
		D55028EB231F4E54009979E1 /* libreact-native-wechat.a in Frameworks */ = {isa = PBXBuildFile; fileRef = D55028EA231F4E54009979E1 /* libreact-native-wechat.a */; };
		D55E3540232E60D80076F918 /* libresolv.tbd in Frameworks */ = {isa = PBXBuildFile; fileRef = D55E352D232E60D80076F918 /* libresolv.tbd */; };
		D55E3542232E60E20076F918 /* libsqlite3.tbd in Frameworks */ = {isa = PBXBuildFile; fileRef = D55E3541232E60E20076F918 /* libsqlite3.tbd */; };
		D55E3544232E610E0076F918 /* CoreMotion.framework in Frameworks */ = {isa = PBXBuildFile; fileRef = D55E3543232E610E0076F918 /* CoreMotion.framework */; };
		D55E355F232E65ED0076F918 /* FeedbackModule.m in Sources */ = {isa = PBXBuildFile; fileRef = D55E355E232E65ED0076F918 /* FeedbackModule.m */; };
		D5654FBC230E3B000093B9B3 /* UserNotifications.framework in Frameworks */ = {isa = PBXBuildFile; fileRef = D5654FBB230E3B000093B9B3 /* UserNotifications.framework */; };
		D5654FBE230E3B180093B9B3 /* CoreTelephony.framework in Frameworks */ = {isa = PBXBuildFile; fileRef = D5654FBD230E3B180093B9B3 /* CoreTelephony.framework */; };
		D5654FC0230E3B270093B9B3 /* SystemConfiguration.framework in Frameworks */ = {isa = PBXBuildFile; fileRef = D5654FBF230E3B270093B9B3 /* SystemConfiguration.framework */; };
		D5654FC2230E3B6B0093B9B3 /* libsqlite3.0.tbd in Frameworks */ = {isa = PBXBuildFile; fileRef = D5654FC1230E3B6B0093B9B3 /* libsqlite3.0.tbd */; };
		D5654FC4230E3B780093B9B3 /* libz.tbd in Frameworks */ = {isa = PBXBuildFile; fileRef = D5654FC3230E3B780093B9B3 /* libz.tbd */; };
		D56D33E82330C70E0068C8AE /* assets in Resources */ = {isa = PBXBuildFile; fileRef = D56D33E72330C70E0068C8AE /* assets */; };
		D578EAD9232FA25E00C3FF31 /* libART.a in Frameworks */ = {isa = PBXBuildFile; fileRef = D578EAC4232FA24A00C3FF31 /* libART.a */; };
		D595D056230D4DB600387ED9 /* DeviceTokenModule.m in Sources */ = {isa = PBXBuildFile; fileRef = D595D043230D4DB600387ED9 /* DeviceTokenModule.m */; };
		D59A0908231D454B00162FE1 /* libc++.tbd in Frameworks */ = {isa = PBXBuildFile; fileRef = D59A0907231D454B00162FE1 /* libc++.tbd */; };
		D5D6526B2327C5D30063C97E /* libreact-native-cameraroll.a in Frameworks */ = {isa = PBXBuildFile; fileRef = D5D6526A2327C5D30063C97E /* libreact-native-cameraroll.a */; };
		D5F6A1DE230F7CE30069BC16 /* libRNDeviceInfo.a in Frameworks */ = {isa = PBXBuildFile; fileRef = D5F6A1DD230F7CE30069BC16 /* libRNDeviceInfo.a */; };
/* End PBXBuildFile section */

/* Begin PBXContainerItemProxy section */
		00E356F41AD99517003FC87E /* PBXContainerItemProxy */ = {
			isa = PBXContainerItemProxy;
			containerPortal = 83CBB9F71A601CBA00E9B192 /* Project object */;
			proxyType = 1;
			remoteGlobalIDString = 13B07F861A680F5B00A75B9A;
			remoteInfo = xinkongjianpzt;
		};
		18BE3727233617CC005E310B /* PBXContainerItemProxy */ = {
			isa = PBXContainerItemProxy;
			containerPortal = C17DA2D122D34ED3AA29A631 /* XGPush.xcodeproj */;
			proxyType = 2;
			remoteGlobalIDString = C50FF0241D54262A00CEF3D0;
			remoteInfo = XGPush;
		};
		18BE374523361985005E310B /* PBXContainerItemProxy */ = {
			isa = PBXContainerItemProxy;
			containerPortal = 7373CCB0D93049379A7F83FB /* RCTBarCode.xcodeproj */;
			proxyType = 2;
			remoteGlobalIDString = 9FCCD7581DAC8DA800025BFD;
			remoteInfo = RCTBarcode;
		};
		2D02E4911E0B4A5D006451C7 /* PBXContainerItemProxy */ = {
			isa = PBXContainerItemProxy;
			containerPortal = 83CBB9F71A601CBA00E9B192 /* Project object */;
			proxyType = 1;
			remoteGlobalIDString = 2D02E47A1E0B4A5D006451C7;
			remoteInfo = "xinkongjianpzt-tvOS";
		};
		D50B8013233DA1D90090230D /* PBXContainerItemProxy */ = {
			isa = PBXContainerItemProxy;
			containerPortal = D50B7FFB233DA1D80090230D /* RNReactNativeLocalBarcodeRecognizer.xcodeproj */;
			proxyType = 2;
			remoteGlobalIDString = 134814201AA4EA6300B7C361;
			remoteInfo = RNReactNativeLocalBarcodeRecognizer;
		};
		D578EAC3232FA24A00C3FF31 /* PBXContainerItemProxy */ = {
			isa = PBXContainerItemProxy;
			containerPortal = D578EABE232FA24A00C3FF31 /* ART.xcodeproj */;
			proxyType = 2;
			remoteGlobalIDString = 0CF68AC11AF0540F00FF9E5C;
			remoteInfo = ART;
		};
		D578EAC5232FA24A00C3FF31 /* PBXContainerItemProxy */ = {
			isa = PBXContainerItemProxy;
			containerPortal = D578EABE232FA24A00C3FF31 /* ART.xcodeproj */;
			proxyType = 2;
			remoteGlobalIDString = 323A12871E5F266B004975B8;
			remoteInfo = "ART-tvOS";
		};
		D595CFC2230D2B4300387ED9 /* PBXContainerItemProxy */ = {
			isa = PBXContainerItemProxy;
			containerPortal = D595CFAF230D2B4300387ED9 /* React.xcodeproj */;
			proxyType = 2;
			remoteGlobalIDString = 83CBBA2E1A601D0E00E9B192;
			remoteInfo = React;
		};
		D595CFC4230D2B4300387ED9 /* PBXContainerItemProxy */ = {
			isa = PBXContainerItemProxy;
			containerPortal = D595CFAF230D2B4300387ED9 /* React.xcodeproj */;
			proxyType = 2;
			remoteGlobalIDString = 2D2A28131D9B038B00D4039D;
			remoteInfo = "React-tvOS";
		};
		D595CFC6230D2B4300387ED9 /* PBXContainerItemProxy */ = {
			isa = PBXContainerItemProxy;
			containerPortal = D595CFAF230D2B4300387ED9 /* React.xcodeproj */;
			proxyType = 2;
			remoteGlobalIDString = 3D3C059A1DE3340900C268FA;
			remoteInfo = yoga;
		};
		D595CFC8230D2B4300387ED9 /* PBXContainerItemProxy */ = {
			isa = PBXContainerItemProxy;
			containerPortal = D595CFAF230D2B4300387ED9 /* React.xcodeproj */;
			proxyType = 2;
			remoteGlobalIDString = 3D3C06751DE3340C00C268FA;
			remoteInfo = "yoga-tvOS";
		};
		D595CFCA230D2B4300387ED9 /* PBXContainerItemProxy */ = {
			isa = PBXContainerItemProxy;
			containerPortal = D595CFAF230D2B4300387ED9 /* React.xcodeproj */;
			proxyType = 2;
			remoteGlobalIDString = 3D3CD9251DE5FBEC00167DC4;
			remoteInfo = cxxreact;
		};
		D595CFCC230D2B4300387ED9 /* PBXContainerItemProxy */ = {
			isa = PBXContainerItemProxy;
			containerPortal = D595CFAF230D2B4300387ED9 /* React.xcodeproj */;
			proxyType = 2;
			remoteGlobalIDString = 3D3CD9321DE5FBEE00167DC4;
			remoteInfo = "cxxreact-tvOS";
		};
		D595CFCE230D2B4300387ED9 /* PBXContainerItemProxy */ = {
			isa = PBXContainerItemProxy;
			containerPortal = D595CFAF230D2B4300387ED9 /* React.xcodeproj */;
			proxyType = 2;
			remoteGlobalIDString = EBF21BDC1FC498900052F4D5;
			remoteInfo = jsinspector;
		};
		D595CFD0230D2B4300387ED9 /* PBXContainerItemProxy */ = {
			isa = PBXContainerItemProxy;
			containerPortal = D595CFAF230D2B4300387ED9 /* React.xcodeproj */;
			proxyType = 2;
			remoteGlobalIDString = EBF21BFA1FC4989A0052F4D5;
			remoteInfo = "jsinspector-tvOS";
		};
		D595CFD2230D2B4300387ED9 /* PBXContainerItemProxy */ = {
			isa = PBXContainerItemProxy;
			containerPortal = D595CFAF230D2B4300387ED9 /* React.xcodeproj */;
			proxyType = 2;
			remoteGlobalIDString = 139D7ECE1E25DB7D00323FB7;
			remoteInfo = "third-party";
		};
		D595CFD4230D2B4300387ED9 /* PBXContainerItemProxy */ = {
			isa = PBXContainerItemProxy;
			containerPortal = D595CFAF230D2B4300387ED9 /* React.xcodeproj */;
			proxyType = 2;
			remoteGlobalIDString = 3D383D3C1EBD27B6005632C8;
			remoteInfo = "third-party-tvOS";
		};
		D595CFD6230D2B4300387ED9 /* PBXContainerItemProxy */ = {
			isa = PBXContainerItemProxy;
			containerPortal = D595CFAF230D2B4300387ED9 /* React.xcodeproj */;
			proxyType = 2;
			remoteGlobalIDString = 139D7E881E25C6D100323FB7;
			remoteInfo = "double-conversion";
		};
		D595CFD8230D2B4300387ED9 /* PBXContainerItemProxy */ = {
			isa = PBXContainerItemProxy;
			containerPortal = D595CFAF230D2B4300387ED9 /* React.xcodeproj */;
			proxyType = 2;
			remoteGlobalIDString = 3D383D621EBD27B9005632C8;
			remoteInfo = "double-conversion-tvOS";
		};
		D595CFDA230D2B4300387ED9 /* PBXContainerItemProxy */ = {
			isa = PBXContainerItemProxy;
			containerPortal = D595CFAF230D2B4300387ED9 /* React.xcodeproj */;
			proxyType = 2;
			remoteGlobalIDString = EDEBC6D6214B3E7000DD5AC8;
			remoteInfo = jsi;
		};
		D595CFDC230D2B4300387ED9 /* PBXContainerItemProxy */ = {
			isa = PBXContainerItemProxy;
			containerPortal = D595CFAF230D2B4300387ED9 /* React.xcodeproj */;
			proxyType = 2;
			remoteGlobalIDString = EDEBC73B214B45A300DD5AC8;
			remoteInfo = jsiexecutor;
		};
		D595CFDE230D2B4300387ED9 /* PBXContainerItemProxy */ = {
			isa = PBXContainerItemProxy;
			containerPortal = D595CFAF230D2B4300387ED9 /* React.xcodeproj */;
			proxyType = 2;
			remoteGlobalIDString = ED296FB6214C9A0900B7C4FE;
			remoteInfo = "jsi-tvOS";
		};
		D595CFE0230D2B4300387ED9 /* PBXContainerItemProxy */ = {
			isa = PBXContainerItemProxy;
			containerPortal = D595CFAF230D2B4300387ED9 /* React.xcodeproj */;
			proxyType = 2;
			remoteGlobalIDString = ED296FEE214C9CF800B7C4FE;
			remoteInfo = "jsiexecutor-tvOS";
		};
/* End PBXContainerItemProxy section */

/* Begin PBXFileReference section */
		00E356EE1AD99517003FC87E /* xinkongjianpztTests.xctest */ = {isa = PBXFileReference; explicitFileType = wrapper.cfbundle; includeInIndex = 0; path = xinkongjianpztTests.xctest; sourceTree = BUILT_PRODUCTS_DIR; };
		00E356F11AD99517003FC87E /* Info.plist */ = {isa = PBXFileReference; lastKnownFileType = text.plist.xml; path = Info.plist; sourceTree = "<group>"; };
		00E356F21AD99517003FC87E /* xinkongjianpztTests.m */ = {isa = PBXFileReference; lastKnownFileType = sourcecode.c.objc; path = xinkongjianpztTests.m; sourceTree = "<group>"; };
		0C09774095223FEF0A582008 /* Pods-xinkongjianpzt-tvOS.staging.xcconfig */ = {isa = PBXFileReference; includeInIndex = 1; lastKnownFileType = text.xcconfig; name = "Pods-xinkongjianpzt-tvOS.staging.xcconfig"; path = "Target Support Files/Pods-xinkongjianpzt-tvOS/Pods-xinkongjianpzt-tvOS.staging.xcconfig"; sourceTree = "<group>"; };
		0CD1B4B4416F90FD4D562728 /* Pods-xinkongjianpzt.staging.xcconfig */ = {isa = PBXFileReference; includeInIndex = 1; lastKnownFileType = text.xcconfig; name = "Pods-xinkongjianpzt.staging.xcconfig"; path = "Target Support Files/Pods-xinkongjianpzt/Pods-xinkongjianpzt.staging.xcconfig"; sourceTree = "<group>"; };
		0F45BD51BBE24C398FE34D76 /* libXGPush.a */ = {isa = PBXFileReference; explicitFileType = undefined; fileEncoding = 9; includeInIndex = 0; lastKnownFileType = archive.ar; path = libXGPush.a; sourceTree = "<group>"; };
		13B07F961A680F5B00A75B9A /* xinkongjianpzt.app */ = {isa = PBXFileReference; explicitFileType = wrapper.application; includeInIndex = 0; path = xinkongjianpzt.app; sourceTree = BUILT_PRODUCTS_DIR; };
		13B07FAF1A68108700A75B9A /* AppDelegate.h */ = {isa = PBXFileReference; fileEncoding = 4; lastKnownFileType = sourcecode.c.h; name = AppDelegate.h; path = xinkongjianpzt/AppDelegate.h; sourceTree = "<group>"; };
		13B07FB01A68108700A75B9A /* AppDelegate.m */ = {isa = PBXFileReference; fileEncoding = 4; lastKnownFileType = sourcecode.c.objc; name = AppDelegate.m; path = xinkongjianpzt/AppDelegate.m; sourceTree = "<group>"; };
		13B07FB51A68108700A75B9A /* Images.xcassets */ = {isa = PBXFileReference; lastKnownFileType = folder.assetcatalog; name = Images.xcassets; path = xinkongjianpzt/Images.xcassets; sourceTree = "<group>"; };
		13B07FB61A68108700A75B9A /* Info.plist */ = {isa = PBXFileReference; fileEncoding = 4; lastKnownFileType = text.plist.xml; name = Info.plist; path = xinkongjianpzt/Info.plist; sourceTree = "<group>"; };
		13B07FB71A68108700A75B9A /* main.m */ = {isa = PBXFileReference; fileEncoding = 4; lastKnownFileType = sourcecode.c.objc; name = main.m; path = xinkongjianpzt/main.m; sourceTree = "<group>"; };
		17B521DDF00D5437047CD503 /* Pods-xinkongjianpzt.debug.xcconfig */ = {isa = PBXFileReference; includeInIndex = 1; lastKnownFileType = text.xcconfig; name = "Pods-xinkongjianpzt.debug.xcconfig"; path = "Target Support Files/Pods-xinkongjianpzt/Pods-xinkongjianpzt.debug.xcconfig"; sourceTree = "<group>"; };
		2D02E47B1E0B4A5D006451C7 /* xinkongjianpzt-tvOS.app */ = {isa = PBXFileReference; explicitFileType = wrapper.application; includeInIndex = 0; path = "xinkongjianpzt-tvOS.app"; sourceTree = BUILT_PRODUCTS_DIR; };
		2D02E4901E0B4A5D006451C7 /* xinkongjianpzt-tvOSTests.xctest */ = {isa = PBXFileReference; explicitFileType = wrapper.cfbundle; includeInIndex = 0; path = "xinkongjianpzt-tvOSTests.xctest"; sourceTree = BUILT_PRODUCTS_DIR; };
		2D7689415335B1F0D63D15D8 /* Pods-xinkongjianpztTests.staging.xcconfig */ = {isa = PBXFileReference; includeInIndex = 1; lastKnownFileType = text.xcconfig; name = "Pods-xinkongjianpztTests.staging.xcconfig"; path = "Target Support Files/Pods-xinkongjianpztTests/Pods-xinkongjianpztTests.staging.xcconfig"; sourceTree = "<group>"; };
		490C056DB2E81E32481864EB /* Pods-xinkongjianpzt-tvOS.debug.xcconfig */ = {isa = PBXFileReference; includeInIndex = 1; lastKnownFileType = text.xcconfig; name = "Pods-xinkongjianpzt-tvOS.debug.xcconfig"; path = "Target Support Files/Pods-xinkongjianpzt-tvOS/Pods-xinkongjianpzt-tvOS.debug.xcconfig"; sourceTree = "<group>"; };
		5FDA1A1BC10C1073DDE04C73 /* Pods-xinkongjianpzt-tvOSTests.release.xcconfig */ = {isa = PBXFileReference; includeInIndex = 1; lastKnownFileType = text.xcconfig; name = "Pods-xinkongjianpzt-tvOSTests.release.xcconfig"; path = "Target Support Files/Pods-xinkongjianpzt-tvOSTests/Pods-xinkongjianpzt-tvOSTests.release.xcconfig"; sourceTree = "<group>"; };
		6268B41C0707705706B2E09B /* Pods-xinkongjianpzt-tvOSTests.staging.xcconfig */ = {isa = PBXFileReference; includeInIndex = 1; lastKnownFileType = text.xcconfig; name = "Pods-xinkongjianpzt-tvOSTests.staging.xcconfig"; path = "Target Support Files/Pods-xinkongjianpzt-tvOSTests/Pods-xinkongjianpzt-tvOSTests.staging.xcconfig"; sourceTree = "<group>"; };
		67BD3D94CFC1E706684F3C28 /* Pods-xinkongjianpztTests.release.xcconfig */ = {isa = PBXFileReference; includeInIndex = 1; lastKnownFileType = text.xcconfig; name = "Pods-xinkongjianpztTests.release.xcconfig"; path = "Target Support Files/Pods-xinkongjianpztTests/Pods-xinkongjianpztTests.release.xcconfig"; sourceTree = "<group>"; };
		7373CCB0D93049379A7F83FB /* RCTBarCode.xcodeproj */ = {isa = PBXFileReference; explicitFileType = undefined; fileEncoding = 9; includeInIndex = 0; lastKnownFileType = "wrapper.pb-project"; name = RCTBarCode.xcodeproj; path = "../node_modules/react-native-smart-barcode/ios/RCTBarcode/RCTBarCode.xcodeproj"; sourceTree = "<group>"; };
		74D0C5C6925B27E912AF7BD2 /* Pods-xinkongjianpzt-tvOS.release.xcconfig */ = {isa = PBXFileReference; includeInIndex = 1; lastKnownFileType = text.xcconfig; name = "Pods-xinkongjianpzt-tvOS.release.xcconfig"; path = "Target Support Files/Pods-xinkongjianpzt-tvOS/Pods-xinkongjianpzt-tvOS.release.xcconfig"; sourceTree = "<group>"; };
		76243262813AAA1567661091 /* libPods-xinkongjianpztTests.a */ = {isa = PBXFileReference; explicitFileType = archive.ar; includeInIndex = 0; path = "libPods-xinkongjianpztTests.a"; sourceTree = BUILT_PRODUCTS_DIR; };
		8EDEC92FF7E16A22D02672EE /* libPods-xinkongjianpzt-tvOS.a */ = {isa = PBXFileReference; explicitFileType = archive.ar; includeInIndex = 0; path = "libPods-xinkongjianpzt-tvOS.a"; sourceTree = BUILT_PRODUCTS_DIR; };
		BB005BFB9A7EFC7269F20470 /* Pods-xinkongjianpzt-tvOSTests.debug.xcconfig */ = {isa = PBXFileReference; includeInIndex = 1; lastKnownFileType = text.xcconfig; name = "Pods-xinkongjianpzt-tvOSTests.debug.xcconfig"; path = "Target Support Files/Pods-xinkongjianpzt-tvOSTests/Pods-xinkongjianpzt-tvOSTests.debug.xcconfig"; sourceTree = "<group>"; };
		BCBBC7FA8CBF45A8A1F042CC /* libRCTBarcode.a */ = {isa = PBXFileReference; explicitFileType = undefined; fileEncoding = 9; includeInIndex = 0; lastKnownFileType = archive.ar; path = libRCTBarcode.a; sourceTree = "<group>"; };
		C17DA2D122D34ED3AA29A631 /* XGPush.xcodeproj */ = {isa = PBXFileReference; explicitFileType = undefined; fileEncoding = 9; includeInIndex = 0; lastKnownFileType = "wrapper.pb-project"; name = XGPush.xcodeproj; path = "../node_modules/react-native-xinge-push/ios/XGPush.xcodeproj"; sourceTree = "<group>"; };
		D50B7FFB233DA1D80090230D /* RNReactNativeLocalBarcodeRecognizer.xcodeproj */ = {isa = PBXFileReference; lastKnownFileType = "wrapper.pb-project"; name = RNReactNativeLocalBarcodeRecognizer.xcodeproj; path = "../node_modules/react-native-local-barcode-recognizer/ios/RNReactNativeLocalBarcodeRecognizer.xcodeproj"; sourceTree = "<group>"; };
		D52AC2F6231E0F34001B740E /* libRCTWeChat.a */ = {isa = PBXFileReference; explicitFileType = archive.ar; path = libRCTWeChat.a; sourceTree = BUILT_PRODUCTS_DIR; };
		D52AC2F8231E0FDD001B740E /* libReactNativePermissions.a */ = {isa = PBXFileReference; explicitFileType = archive.ar; path = libReactNativePermissions.a; sourceTree = BUILT_PRODUCTS_DIR; };
		D55028EA231F4E54009979E1 /* libreact-native-wechat.a */ = {isa = PBXFileReference; explicitFileType = archive.ar; path = "libreact-native-wechat.a"; sourceTree = BUILT_PRODUCTS_DIR; };
		D55E352D232E60D80076F918 /* libresolv.tbd */ = {isa = PBXFileReference; lastKnownFileType = "sourcecode.text-based-dylib-definition"; name = libresolv.tbd; path = usr/lib/libresolv.tbd; sourceTree = SDKROOT; };
		D55E3541232E60E20076F918 /* libsqlite3.tbd */ = {isa = PBXFileReference; lastKnownFileType = "sourcecode.text-based-dylib-definition"; name = libsqlite3.tbd; path = usr/lib/libsqlite3.tbd; sourceTree = SDKROOT; };
		D55E3543232E610E0076F918 /* CoreMotion.framework */ = {isa = PBXFileReference; lastKnownFileType = wrapper.framework; name = CoreMotion.framework; path = System/Library/Frameworks/CoreMotion.framework; sourceTree = SDKROOT; };
		D55E354B232E65ED0076F918 /* FeedbackModule.h */ = {isa = PBXFileReference; fileEncoding = 4; lastKnownFileType = sourcecode.c.h; name = FeedbackModule.h; path = xinkongjianpzt/FeedbackModule.h; sourceTree = "<group>"; };
		D55E355E232E65ED0076F918 /* FeedbackModule.m */ = {isa = PBXFileReference; fileEncoding = 4; lastKnownFileType = sourcecode.c.objc; name = FeedbackModule.m; path = xinkongjianpzt/FeedbackModule.m; sourceTree = "<group>"; };
		D5654F8B230E2DAB0093B9B3 /* xinkongjianpzt.entitlements */ = {isa = PBXFileReference; lastKnownFileType = text.plist.entitlements; name = xinkongjianpzt.entitlements; path = xinkongjianpzt/xinkongjianpzt.entitlements; sourceTree = "<group>"; };
		D5654FBB230E3B000093B9B3 /* UserNotifications.framework */ = {isa = PBXFileReference; lastKnownFileType = wrapper.framework; name = UserNotifications.framework; path = System/Library/Frameworks/UserNotifications.framework; sourceTree = SDKROOT; };
		D5654FBD230E3B180093B9B3 /* CoreTelephony.framework */ = {isa = PBXFileReference; lastKnownFileType = wrapper.framework; name = CoreTelephony.framework; path = System/Library/Frameworks/CoreTelephony.framework; sourceTree = SDKROOT; };
		D5654FBF230E3B270093B9B3 /* SystemConfiguration.framework */ = {isa = PBXFileReference; lastKnownFileType = wrapper.framework; name = SystemConfiguration.framework; path = System/Library/Frameworks/SystemConfiguration.framework; sourceTree = SDKROOT; };
		D5654FC1230E3B6B0093B9B3 /* libsqlite3.0.tbd */ = {isa = PBXFileReference; lastKnownFileType = "sourcecode.text-based-dylib-definition"; name = libsqlite3.0.tbd; path = usr/lib/libsqlite3.0.tbd; sourceTree = SDKROOT; };
		D5654FC3230E3B780093B9B3 /* libz.tbd */ = {isa = PBXFileReference; lastKnownFileType = "sourcecode.text-based-dylib-definition"; name = libz.tbd; path = usr/lib/libz.tbd; sourceTree = SDKROOT; };
		D56D33E72330C70E0068C8AE /* assets */ = {isa = PBXFileReference; lastKnownFileType = folder; path = assets; sourceTree = "<group>"; };
		D578EABE232FA24A00C3FF31 /* ART.xcodeproj */ = {isa = PBXFileReference; lastKnownFileType = "wrapper.pb-project"; name = ART.xcodeproj; path = "../node_modules/react-native/Libraries/ART/ART.xcodeproj"; sourceTree = "<group>"; };
		D5893D5A234C6A1000466E8B /* UMAnalytics.framework */ = {isa = PBXFileReference; lastKnownFileType = wrapper.framework; name = UMAnalytics.framework; path = Pods/UMCAnalytics/UMAnalytics.framework; sourceTree = "<group>"; };
		D5893D71234C6A1400466E8B /* UMCommon.framework */ = {isa = PBXFileReference; lastKnownFileType = wrapper.framework; name = UMCommon.framework; path = Pods/UMCCommon/UMCommon.framework; sourceTree = "<group>"; };
		D595CFAF230D2B4300387ED9 /* React.xcodeproj */ = {isa = PBXFileReference; lastKnownFileType = "wrapper.pb-project"; name = React.xcodeproj; path = "../node_modules/react-native/React/React.xcodeproj"; sourceTree = "<group>"; };
		D595D043230D4DB600387ED9 /* DeviceTokenModule.m */ = {isa = PBXFileReference; fileEncoding = 4; lastKnownFileType = sourcecode.c.objc; name = DeviceTokenModule.m; path = xinkongjianpzt/DeviceTokenModule.m; sourceTree = "<group>"; };
		D595D055230D4DB600387ED9 /* DeviceTokenModule.h */ = {isa = PBXFileReference; fileEncoding = 4; lastKnownFileType = sourcecode.c.h; name = DeviceTokenModule.h; path = xinkongjianpzt/DeviceTokenModule.h; sourceTree = "<group>"; };
		D59A0907231D454B00162FE1 /* libc++.tbd */ = {isa = PBXFileReference; lastKnownFileType = "sourcecode.text-based-dylib-definition"; name = "libc++.tbd"; path = "usr/lib/libc++.tbd"; sourceTree = SDKROOT; };
		D5D6526A2327C5D30063C97E /* libreact-native-cameraroll.a */ = {isa = PBXFileReference; explicitFileType = archive.ar; path = "libreact-native-cameraroll.a"; sourceTree = BUILT_PRODUCTS_DIR; };
		D5F6A1DD230F7CE30069BC16 /* libRNDeviceInfo.a */ = {isa = PBXFileReference; explicitFileType = archive.ar; path = libRNDeviceInfo.a; sourceTree = BUILT_PRODUCTS_DIR; };
		E13EA77C4C9F0BA7D70D7E70 /* libPods-xinkongjianpzt.a */ = {isa = PBXFileReference; explicitFileType = archive.ar; includeInIndex = 0; path = "libPods-xinkongjianpzt.a"; sourceTree = BUILT_PRODUCTS_DIR; };
		E2E48DD5FC928FB0E9E4C547 /* Pods-xinkongjianpzt.release.xcconfig */ = {isa = PBXFileReference; includeInIndex = 1; lastKnownFileType = text.xcconfig; name = "Pods-xinkongjianpzt.release.xcconfig"; path = "Target Support Files/Pods-xinkongjianpzt/Pods-xinkongjianpzt.release.xcconfig"; sourceTree = "<group>"; };
		E79037F32A8FD1F0A81FCDA3 /* libPods-xinkongjianpzt-tvOSTests.a */ = {isa = PBXFileReference; explicitFileType = archive.ar; includeInIndex = 0; path = "libPods-xinkongjianpzt-tvOSTests.a"; sourceTree = BUILT_PRODUCTS_DIR; };
		ED297162215061F000B7C4FE /* JavaScriptCore.framework */ = {isa = PBXFileReference; lastKnownFileType = wrapper.framework; name = JavaScriptCore.framework; path = System/Library/Frameworks/JavaScriptCore.framework; sourceTree = SDKROOT; };
		ED2971642150620600B7C4FE /* JavaScriptCore.framework */ = {isa = PBXFileReference; lastKnownFileType = wrapper.framework; name = JavaScriptCore.framework; path = Platforms/AppleTVOS.platform/Developer/SDKs/AppleTVOS12.0.sdk/System/Library/Frameworks/JavaScriptCore.framework; sourceTree = DEVELOPER_DIR; };
		FA9152FA41015674F23D7EA8 /* Pods-xinkongjianpztTests.debug.xcconfig */ = {isa = PBXFileReference; includeInIndex = 1; lastKnownFileType = text.xcconfig; name = "Pods-xinkongjianpztTests.debug.xcconfig"; path = "Target Support Files/Pods-xinkongjianpztTests/Pods-xinkongjianpztTests.debug.xcconfig"; sourceTree = "<group>"; };
/* End PBXFileReference section */

/* Begin PBXFrameworksBuildPhase section */
		00E356EB1AD99517003FC87E /* Frameworks */ = {
			isa = PBXFrameworksBuildPhase;
			buildActionMask = 2147483647;
			files = (
				A7AC50EA3F9D26E5D4DA9496 /* libPods-xinkongjianpztTests.a in Frameworks */,
			);
			runOnlyForDeploymentPostprocessing = 0;
		};
		13B07F8C1A680F5B00A75B9A /* Frameworks */ = {
			isa = PBXFrameworksBuildPhase;
			buildActionMask = 2147483647;
			files = (
				D50B8016233DA1E40090230D /* libRNReactNativeLocalBarcodeRecognizer.a in Frameworks */,
				D578EAD9232FA25E00C3FF31 /* libART.a in Frameworks */,
				D5654FC0230E3B270093B9B3 /* SystemConfiguration.framework in Frameworks */,
				D5654FBE230E3B180093B9B3 /* CoreTelephony.framework in Frameworks */,
				D55E3544232E610E0076F918 /* CoreMotion.framework in Frameworks */,
				D55E3542232E60E20076F918 /* libsqlite3.tbd in Frameworks */,
				D55E3540232E60D80076F918 /* libresolv.tbd in Frameworks */,
				D5D6526B2327C5D30063C97E /* libreact-native-cameraroll.a in Frameworks */,
				D55028EB231F4E54009979E1 /* libreact-native-wechat.a in Frameworks */,
				D52AC2F9231E0FDD001B740E /* libReactNativePermissions.a in Frameworks */,
				D59A0908231D454B00162FE1 /* libc++.tbd in Frameworks */,
				D5F6A1DE230F7CE30069BC16 /* libRNDeviceInfo.a in Frameworks */,
				D5654FC4230E3B780093B9B3 /* libz.tbd in Frameworks */,
				D5654FC2230E3B6B0093B9B3 /* libsqlite3.0.tbd in Frameworks */,
				D5654FBC230E3B000093B9B3 /* UserNotifications.framework in Frameworks */,
				972B1298437E971AFC4D7631 /* libPods-xinkongjianpzt.a in Frameworks */,
				34FAC0AD0A2E4414B11C0F1C /* libXGPush.a in Frameworks */,
				6ED55FAA14B744CFA828ACC8 /* libRCTBarcode.a in Frameworks */,
			);
			runOnlyForDeploymentPostprocessing = 0;
		};
		2D02E4781E0B4A5D006451C7 /* Frameworks */ = {
			isa = PBXFrameworksBuildPhase;
			buildActionMask = 2147483647;
			files = (
				BBB676B01E79D3E5AE64E488 /* libPods-xinkongjianpzt-tvOS.a in Frameworks */,
			);
			runOnlyForDeploymentPostprocessing = 0;
		};
		2D02E48D1E0B4A5D006451C7 /* Frameworks */ = {
			isa = PBXFrameworksBuildPhase;
			buildActionMask = 2147483647;
			files = (
				D4FDB2B4030433047F1194B5 /* libPods-xinkongjianpzt-tvOSTests.a in Frameworks */,
			);
			runOnlyForDeploymentPostprocessing = 0;
		};
/* End PBXFrameworksBuildPhase section */

/* Begin PBXGroup section */
		00E356EF1AD99517003FC87E /* xinkongjianpztTests */ = {
			isa = PBXGroup;
			children = (
				00E356F21AD99517003FC87E /* xinkongjianpztTests.m */,
				00E356F01AD99517003FC87E /* Supporting Files */,
			);
			path = xinkongjianpztTests;
			sourceTree = "<group>";
		};
		00E356F01AD99517003FC87E /* Supporting Files */ = {
			isa = PBXGroup;
			children = (
				00E356F11AD99517003FC87E /* Info.plist */,
			);
			name = "Supporting Files";
			sourceTree = "<group>";
		};
		13B07FAE1A68108700A75B9A /* xinkongjianpzt */ = {
			isa = PBXGroup;
			children = (
				D55E354B232E65ED0076F918 /* FeedbackModule.h */,
				D55E355E232E65ED0076F918 /* FeedbackModule.m */,
				D5654F8B230E2DAB0093B9B3 /* xinkongjianpzt.entitlements */,
				D595D055230D4DB600387ED9 /* DeviceTokenModule.h */,
				D595D043230D4DB600387ED9 /* DeviceTokenModule.m */,
				13B07FAF1A68108700A75B9A /* AppDelegate.h */,
				13B07FB01A68108700A75B9A /* AppDelegate.m */,
				13B07FB51A68108700A75B9A /* Images.xcassets */,
				13B07FB61A68108700A75B9A /* Info.plist */,
				13B07FB71A68108700A75B9A /* main.m */,
			);
			name = xinkongjianpzt;
			sourceTree = "<group>";
		};
		18BE3724233617CC005E310B /* Products */ = {
			isa = PBXGroup;
			children = (
				18BE3728233617CC005E310B /* libXGPush.a */,
			);
			name = Products;
			sourceTree = "<group>";
		};
		18BE374223361985005E310B /* Products */ = {
			isa = PBXGroup;
			children = (
				18BE374623361985005E310B /* libRCTBarcode.a */,
			);
			name = Products;
			sourceTree = "<group>";
		};
		2D16E6871FA4F8E400B85C8A /* Frameworks */ = {
			isa = PBXGroup;
			children = (
				D55E3543232E610E0076F918 /* CoreMotion.framework */,
				D55E3541232E60E20076F918 /* libsqlite3.tbd */,
				D55E352D232E60D80076F918 /* libresolv.tbd */,
				D5D6526A2327C5D30063C97E /* libreact-native-cameraroll.a */,
				D55028EA231F4E54009979E1 /* libreact-native-wechat.a */,
				D52AC2F8231E0FDD001B740E /* libReactNativePermissions.a */,
				D52AC2F6231E0F34001B740E /* libRCTWeChat.a */,
				D59A0907231D454B00162FE1 /* libc++.tbd */,
				D5F6A1DD230F7CE30069BC16 /* libRNDeviceInfo.a */,
				D5654FC3230E3B780093B9B3 /* libz.tbd */,
				D5654FC1230E3B6B0093B9B3 /* libsqlite3.0.tbd */,
				D5654FBF230E3B270093B9B3 /* SystemConfiguration.framework */,
				D5654FBD230E3B180093B9B3 /* CoreTelephony.framework */,
				D5654FBB230E3B000093B9B3 /* UserNotifications.framework */,
				ED297162215061F000B7C4FE /* JavaScriptCore.framework */,
				ED2971642150620600B7C4FE /* JavaScriptCore.framework */,
				E13EA77C4C9F0BA7D70D7E70 /* libPods-xinkongjianpzt.a */,
				8EDEC92FF7E16A22D02672EE /* libPods-xinkongjianpzt-tvOS.a */,
				D5893D71234C6A1400466E8B /* UMCommon.framework */,
				D5893D5A234C6A1000466E8B /* UMAnalytics.framework */,
				E79037F32A8FD1F0A81FCDA3 /* libPods-xinkongjianpzt-tvOSTests.a */,
				76243262813AAA1567661091 /* libPods-xinkongjianpztTests.a */,
			);
			name = Frameworks;
			sourceTree = "<group>";
		};
		582E44E9FFB3DD9D4BA3F9F7 /* Pods */ = {
			isa = PBXGroup;
			children = (
				17B521DDF00D5437047CD503 /* Pods-xinkongjianpzt.debug.xcconfig */,
				E2E48DD5FC928FB0E9E4C547 /* Pods-xinkongjianpzt.release.xcconfig */,
				490C056DB2E81E32481864EB /* Pods-xinkongjianpzt-tvOS.debug.xcconfig */,
				74D0C5C6925B27E912AF7BD2 /* Pods-xinkongjianpzt-tvOS.release.xcconfig */,
				BB005BFB9A7EFC7269F20470 /* Pods-xinkongjianpzt-tvOSTests.debug.xcconfig */,
				5FDA1A1BC10C1073DDE04C73 /* Pods-xinkongjianpzt-tvOSTests.release.xcconfig */,
				FA9152FA41015674F23D7EA8 /* Pods-xinkongjianpztTests.debug.xcconfig */,
				67BD3D94CFC1E706684F3C28 /* Pods-xinkongjianpztTests.release.xcconfig */,
				0CD1B4B4416F90FD4D562728 /* Pods-xinkongjianpzt.staging.xcconfig */,
				0C09774095223FEF0A582008 /* Pods-xinkongjianpzt-tvOS.staging.xcconfig */,
				6268B41C0707705706B2E09B /* Pods-xinkongjianpzt-tvOSTests.staging.xcconfig */,
				2D7689415335B1F0D63D15D8 /* Pods-xinkongjianpztTests.staging.xcconfig */,
			);
			path = Pods;
			sourceTree = "<group>";
		};
		832341AE1AAA6A7D00B99B32 /* Libraries */ = {
			isa = PBXGroup;
			children = (
				D50B7FFB233DA1D80090230D /* RNReactNativeLocalBarcodeRecognizer.xcodeproj */,
				D578EABE232FA24A00C3FF31 /* ART.xcodeproj */,
				D595CFAF230D2B4300387ED9 /* React.xcodeproj */,
				C17DA2D122D34ED3AA29A631 /* XGPush.xcodeproj */,
				7373CCB0D93049379A7F83FB /* RCTBarCode.xcodeproj */,
			);
			name = Libraries;
			sourceTree = "<group>";
		};
		83CBB9F61A601CBA00E9B192 = {
			isa = PBXGroup;
			children = (
				D56D33E72330C70E0068C8AE /* assets */,
				13B07FAE1A68108700A75B9A /* xinkongjianpzt */,
				832341AE1AAA6A7D00B99B32 /* Libraries */,
				00E356EF1AD99517003FC87E /* xinkongjianpztTests */,
				83CBBA001A601CBA00E9B192 /* Products */,
				2D16E6871FA4F8E400B85C8A /* Frameworks */,
				582E44E9FFB3DD9D4BA3F9F7 /* Pods */,
				D595CEE9230CF8FF00387ED9 /* Recovered References */,
			);
			indentWidth = 2;
			sourceTree = "<group>";
			tabWidth = 2;
			usesTabs = 0;
		};
		83CBBA001A601CBA00E9B192 /* Products */ = {
			isa = PBXGroup;
			children = (
				13B07F961A680F5B00A75B9A /* xinkongjianpzt.app */,
				00E356EE1AD99517003FC87E /* xinkongjianpztTests.xctest */,
				2D02E47B1E0B4A5D006451C7 /* xinkongjianpzt-tvOS.app */,
				2D02E4901E0B4A5D006451C7 /* xinkongjianpzt-tvOSTests.xctest */,
			);
			name = Products;
			sourceTree = "<group>";
		};
		D50B7FFC233DA1D80090230D /* Products */ = {
			isa = PBXGroup;
			children = (
				D50B8014233DA1D90090230D /* libRNReactNativeLocalBarcodeRecognizer.a */,
			);
			name = Products;
			sourceTree = "<group>";
		};
		D578EABF232FA24A00C3FF31 /* Products */ = {
			isa = PBXGroup;
			children = (
				D578EAC4232FA24A00C3FF31 /* libART.a */,
				D578EAC6232FA24A00C3FF31 /* libART-tvOS.a */,
			);
			name = Products;
			sourceTree = "<group>";
		};
		D595CEE9230CF8FF00387ED9 /* Recovered References */ = {
			isa = PBXGroup;
			children = (
				0F45BD51BBE24C398FE34D76 /* libXGPush.a */,
				BCBBC7FA8CBF45A8A1F042CC /* libRCTBarcode.a */,
			);
			name = "Recovered References";
			sourceTree = "<group>";
		};
		D595CFB0230D2B4300387ED9 /* Products */ = {
			isa = PBXGroup;
			children = (
				D595CFC3230D2B4300387ED9 /* libReact.a */,
				D595CFC5230D2B4300387ED9 /* libReact.a */,
				D595CFC7230D2B4300387ED9 /* libyoga.a */,
				D595CFC9230D2B4300387ED9 /* libyoga.a */,
				D595CFCB230D2B4300387ED9 /* libcxxreact.a */,
				D595CFCD230D2B4300387ED9 /* libcxxreact.a */,
				D595CFCF230D2B4300387ED9 /* libjsinspector.a */,
				D595CFD1230D2B4300387ED9 /* libjsinspector-tvOS.a */,
				D595CFD3230D2B4300387ED9 /* libthird-party.a */,
				D595CFD5230D2B4300387ED9 /* libthird-party.a */,
				D595CFD7230D2B4300387ED9 /* libdouble-conversion.a */,
				D595CFD9230D2B4300387ED9 /* libdouble-conversion.a */,
				D595CFDB230D2B4300387ED9 /* libjsi.a */,
				D595CFDD230D2B4300387ED9 /* libjsiexecutor.a */,
				D595CFDF230D2B4300387ED9 /* libjsi-tvOS.a */,
				D595CFE1230D2B4300387ED9 /* libjsiexecutor-tvOS.a */,
			);
			name = Products;
			sourceTree = "<group>";
		};
/* End PBXGroup section */

/* Begin PBXNativeTarget section */
		00E356ED1AD99517003FC87E /* xinkongjianpztTests */ = {
			isa = PBXNativeTarget;
			buildConfigurationList = 00E357021AD99517003FC87E /* Build configuration list for PBXNativeTarget "xinkongjianpztTests" */;
			buildPhases = (
				FD21EF0AF876FE81F7CE2089 /* [CP] Check Pods Manifest.lock */,
				00E356EA1AD99517003FC87E /* Sources */,
				00E356EB1AD99517003FC87E /* Frameworks */,
				00E356EC1AD99517003FC87E /* Resources */,
			);
			buildRules = (
			);
			dependencies = (
				00E356F51AD99517003FC87E /* PBXTargetDependency */,
			);
			name = xinkongjianpztTests;
			productName = xinkongjianpztTests;
			productReference = 00E356EE1AD99517003FC87E /* xinkongjianpztTests.xctest */;
			productType = "com.apple.product-type.bundle.unit-test";
		};
		13B07F861A680F5B00A75B9A /* xinkongjianpzt */ = {
			isa = PBXNativeTarget;
			buildConfigurationList = 13B07F931A680F5B00A75B9A /* Build configuration list for PBXNativeTarget "xinkongjianpzt" */;
			buildPhases = (
				80F5333F64ABB55052A1C55F /* [CP] Check Pods Manifest.lock */,
				FD10A7F022414F080027D42C /* Start Packager */,
				13B07F871A680F5B00A75B9A /* Sources */,
				13B07F8C1A680F5B00A75B9A /* Frameworks */,
				13B07F8E1A680F5B00A75B9A /* Resources */,
				00DD1BFF1BD5951E006B06BC /* Bundle React Native code and images */,
				B23EC621291B3280FB64C9FE /* [CP] Copy Pods Resources */,
			);
			buildRules = (
			);
			dependencies = (
			);
			name = xinkongjianpzt;
			productName = xinkongjianpzt;
			productReference = 13B07F961A680F5B00A75B9A /* xinkongjianpzt.app */;
			productType = "com.apple.product-type.application";
		};
		2D02E47A1E0B4A5D006451C7 /* xinkongjianpzt-tvOS */ = {
			isa = PBXNativeTarget;
			buildConfigurationList = 2D02E4BA1E0B4A5E006451C7 /* Build configuration list for PBXNativeTarget "xinkongjianpzt-tvOS" */;
			buildPhases = (
				221D92CB8872F2DEFA560609 /* [CP] Check Pods Manifest.lock */,
				FD10A7F122414F3F0027D42C /* Start Packager */,
				2D02E4771E0B4A5D006451C7 /* Sources */,
				2D02E4781E0B4A5D006451C7 /* Frameworks */,
				2D02E4791E0B4A5D006451C7 /* Resources */,
				2D02E4CB1E0B4B27006451C7 /* Bundle React Native Code And Images */,
			);
			buildRules = (
			);
			dependencies = (
			);
			name = "xinkongjianpzt-tvOS";
			productName = "xinkongjianpzt-tvOS";
			productReference = 2D02E47B1E0B4A5D006451C7 /* xinkongjianpzt-tvOS.app */;
			productType = "com.apple.product-type.application";
		};
		2D02E48F1E0B4A5D006451C7 /* xinkongjianpzt-tvOSTests */ = {
			isa = PBXNativeTarget;
			buildConfigurationList = 2D02E4BB1E0B4A5E006451C7 /* Build configuration list for PBXNativeTarget "xinkongjianpzt-tvOSTests" */;
			buildPhases = (
				A791C928B3787A341DD29E88 /* [CP] Check Pods Manifest.lock */,
				2D02E48C1E0B4A5D006451C7 /* Sources */,
				2D02E48D1E0B4A5D006451C7 /* Frameworks */,
				2D02E48E1E0B4A5D006451C7 /* Resources */,
			);
			buildRules = (
			);
			dependencies = (
				2D02E4921E0B4A5D006451C7 /* PBXTargetDependency */,
			);
			name = "xinkongjianpzt-tvOSTests";
			productName = "xinkongjianpzt-tvOSTests";
			productReference = 2D02E4901E0B4A5D006451C7 /* xinkongjianpzt-tvOSTests.xctest */;
			productType = "com.apple.product-type.bundle.unit-test";
		};
/* End PBXNativeTarget section */

/* Begin PBXProject section */
		83CBB9F71A601CBA00E9B192 /* Project object */ = {
			isa = PBXProject;
			attributes = {
				LastUpgradeCheck = 1020;
				ORGANIZATIONNAME = Facebook;
				TargetAttributes = {
					00E356ED1AD99517003FC87E = {
						CreatedOnToolsVersion = 6.2;
						DevelopmentTeam = 835GM6ANYK;
						TestTargetID = 13B07F861A680F5B00A75B9A;
					};
					13B07F861A680F5B00A75B9A = {
						DevelopmentTeam = 835GM6ANYK;
						SystemCapabilities = {
							com.apple.BackgroundModes = {
								enabled = 1;
							};
							com.apple.Push = {
								enabled = 1;
							};
						};
					};
					2D02E47A1E0B4A5D006451C7 = {
						CreatedOnToolsVersion = 8.2.1;
						ProvisioningStyle = Automatic;
					};
					2D02E48F1E0B4A5D006451C7 = {
						CreatedOnToolsVersion = 8.2.1;
						ProvisioningStyle = Automatic;
						TestTargetID = 2D02E47A1E0B4A5D006451C7;
					};
				};
			};
			buildConfigurationList = 83CBB9FA1A601CBA00E9B192 /* Build configuration list for PBXProject "xinkongjianpzt" */;
			compatibilityVersion = "Xcode 3.2";
			developmentRegion = en;
			hasScannedForEncodings = 0;
			knownRegions = (
				en,
				Base,
			);
			mainGroup = 83CBB9F61A601CBA00E9B192;
			productRefGroup = 83CBBA001A601CBA00E9B192 /* Products */;
			projectDirPath = "";
			projectReferences = (
				{
					ProductGroup = D578EABF232FA24A00C3FF31 /* Products */;
					ProjectRef = D578EABE232FA24A00C3FF31 /* ART.xcodeproj */;
				},
				{
					ProductGroup = 18BE374223361985005E310B /* Products */;
					ProjectRef = 7373CCB0D93049379A7F83FB /* RCTBarCode.xcodeproj */;
				},
				{
					ProductGroup = D595CFB0230D2B4300387ED9 /* Products */;
					ProjectRef = D595CFAF230D2B4300387ED9 /* React.xcodeproj */;
				},
				{
					ProductGroup = D50B7FFC233DA1D80090230D /* Products */;
					ProjectRef = D50B7FFB233DA1D80090230D /* RNReactNativeLocalBarcodeRecognizer.xcodeproj */;
				},
				{
					ProductGroup = 18BE3724233617CC005E310B /* Products */;
					ProjectRef = C17DA2D122D34ED3AA29A631 /* XGPush.xcodeproj */;
				},
			);
			projectRoot = "";
			targets = (
				13B07F861A680F5B00A75B9A /* xinkongjianpzt */,
				00E356ED1AD99517003FC87E /* xinkongjianpztTests */,
				2D02E47A1E0B4A5D006451C7 /* xinkongjianpzt-tvOS */,
				2D02E48F1E0B4A5D006451C7 /* xinkongjianpzt-tvOSTests */,
			);
		};
/* End PBXProject section */

/* Begin PBXReferenceProxy section */
		18BE3728233617CC005E310B /* libXGPush.a */ = {
			isa = PBXReferenceProxy;
			fileType = archive.ar;
			path = libXGPush.a;
			remoteRef = 18BE3727233617CC005E310B /* PBXContainerItemProxy */;
			sourceTree = BUILT_PRODUCTS_DIR;
		};
		18BE374623361985005E310B /* libRCTBarcode.a */ = {
			isa = PBXReferenceProxy;
			fileType = archive.ar;
			path = libRCTBarcode.a;
			remoteRef = 18BE374523361985005E310B /* PBXContainerItemProxy */;
			sourceTree = BUILT_PRODUCTS_DIR;
		};
		D50B8014233DA1D90090230D /* libRNReactNativeLocalBarcodeRecognizer.a */ = {
			isa = PBXReferenceProxy;
			fileType = archive.ar;
			path = libRNReactNativeLocalBarcodeRecognizer.a;
			remoteRef = D50B8013233DA1D90090230D /* PBXContainerItemProxy */;
			sourceTree = BUILT_PRODUCTS_DIR;
		};
		D578EAC4232FA24A00C3FF31 /* libART.a */ = {
			isa = PBXReferenceProxy;
			fileType = archive.ar;
			path = libART.a;
			remoteRef = D578EAC3232FA24A00C3FF31 /* PBXContainerItemProxy */;
			sourceTree = BUILT_PRODUCTS_DIR;
		};
		D578EAC6232FA24A00C3FF31 /* libART-tvOS.a */ = {
			isa = PBXReferenceProxy;
			fileType = archive.ar;
			path = "libART-tvOS.a";
			remoteRef = D578EAC5232FA24A00C3FF31 /* PBXContainerItemProxy */;
			sourceTree = BUILT_PRODUCTS_DIR;
		};
		D595CFC3230D2B4300387ED9 /* libReact.a */ = {
			isa = PBXReferenceProxy;
			fileType = archive.ar;
			path = libReact.a;
			remoteRef = D595CFC2230D2B4300387ED9 /* PBXContainerItemProxy */;
			sourceTree = BUILT_PRODUCTS_DIR;
		};
		D595CFC5230D2B4300387ED9 /* libReact.a */ = {
			isa = PBXReferenceProxy;
			fileType = archive.ar;
			path = libReact.a;
			remoteRef = D595CFC4230D2B4300387ED9 /* PBXContainerItemProxy */;
			sourceTree = BUILT_PRODUCTS_DIR;
		};
		D595CFC7230D2B4300387ED9 /* libyoga.a */ = {
			isa = PBXReferenceProxy;
			fileType = archive.ar;
			path = libyoga.a;
			remoteRef = D595CFC6230D2B4300387ED9 /* PBXContainerItemProxy */;
			sourceTree = BUILT_PRODUCTS_DIR;
		};
		D595CFC9230D2B4300387ED9 /* libyoga.a */ = {
			isa = PBXReferenceProxy;
			fileType = archive.ar;
			path = libyoga.a;
			remoteRef = D595CFC8230D2B4300387ED9 /* PBXContainerItemProxy */;
			sourceTree = BUILT_PRODUCTS_DIR;
		};
		D595CFCB230D2B4300387ED9 /* libcxxreact.a */ = {
			isa = PBXReferenceProxy;
			fileType = archive.ar;
			path = libcxxreact.a;
			remoteRef = D595CFCA230D2B4300387ED9 /* PBXContainerItemProxy */;
			sourceTree = BUILT_PRODUCTS_DIR;
		};
		D595CFCD230D2B4300387ED9 /* libcxxreact.a */ = {
			isa = PBXReferenceProxy;
			fileType = archive.ar;
			path = libcxxreact.a;
			remoteRef = D595CFCC230D2B4300387ED9 /* PBXContainerItemProxy */;
			sourceTree = BUILT_PRODUCTS_DIR;
		};
		D595CFCF230D2B4300387ED9 /* libjsinspector.a */ = {
			isa = PBXReferenceProxy;
			fileType = archive.ar;
			path = libjsinspector.a;
			remoteRef = D595CFCE230D2B4300387ED9 /* PBXContainerItemProxy */;
			sourceTree = BUILT_PRODUCTS_DIR;
		};
		D595CFD1230D2B4300387ED9 /* libjsinspector-tvOS.a */ = {
			isa = PBXReferenceProxy;
			fileType = archive.ar;
			path = "libjsinspector-tvOS.a";
			remoteRef = D595CFD0230D2B4300387ED9 /* PBXContainerItemProxy */;
			sourceTree = BUILT_PRODUCTS_DIR;
		};
		D595CFD3230D2B4300387ED9 /* libthird-party.a */ = {
			isa = PBXReferenceProxy;
			fileType = archive.ar;
			path = "libthird-party.a";
			remoteRef = D595CFD2230D2B4300387ED9 /* PBXContainerItemProxy */;
			sourceTree = BUILT_PRODUCTS_DIR;
		};
		D595CFD5230D2B4300387ED9 /* libthird-party.a */ = {
			isa = PBXReferenceProxy;
			fileType = archive.ar;
			path = "libthird-party.a";
			remoteRef = D595CFD4230D2B4300387ED9 /* PBXContainerItemProxy */;
			sourceTree = BUILT_PRODUCTS_DIR;
		};
		D595CFD7230D2B4300387ED9 /* libdouble-conversion.a */ = {
			isa = PBXReferenceProxy;
			fileType = archive.ar;
			path = "libdouble-conversion.a";
			remoteRef = D595CFD6230D2B4300387ED9 /* PBXContainerItemProxy */;
			sourceTree = BUILT_PRODUCTS_DIR;
		};
		D595CFD9230D2B4300387ED9 /* libdouble-conversion.a */ = {
			isa = PBXReferenceProxy;
			fileType = archive.ar;
			path = "libdouble-conversion.a";
			remoteRef = D595CFD8230D2B4300387ED9 /* PBXContainerItemProxy */;
			sourceTree = BUILT_PRODUCTS_DIR;
		};
		D595CFDB230D2B4300387ED9 /* libjsi.a */ = {
			isa = PBXReferenceProxy;
			fileType = archive.ar;
			path = libjsi.a;
			remoteRef = D595CFDA230D2B4300387ED9 /* PBXContainerItemProxy */;
			sourceTree = BUILT_PRODUCTS_DIR;
		};
		D595CFDD230D2B4300387ED9 /* libjsiexecutor.a */ = {
			isa = PBXReferenceProxy;
			fileType = archive.ar;
			path = libjsiexecutor.a;
			remoteRef = D595CFDC230D2B4300387ED9 /* PBXContainerItemProxy */;
			sourceTree = BUILT_PRODUCTS_DIR;
		};
		D595CFDF230D2B4300387ED9 /* libjsi-tvOS.a */ = {
			isa = PBXReferenceProxy;
			fileType = archive.ar;
			path = "libjsi-tvOS.a";
			remoteRef = D595CFDE230D2B4300387ED9 /* PBXContainerItemProxy */;
			sourceTree = BUILT_PRODUCTS_DIR;
		};
		D595CFE1230D2B4300387ED9 /* libjsiexecutor-tvOS.a */ = {
			isa = PBXReferenceProxy;
			fileType = archive.ar;
			path = "libjsiexecutor-tvOS.a";
			remoteRef = D595CFE0230D2B4300387ED9 /* PBXContainerItemProxy */;
			sourceTree = BUILT_PRODUCTS_DIR;
		};
/* End PBXReferenceProxy section */

/* Begin PBXResourcesBuildPhase section */
		00E356EC1AD99517003FC87E /* Resources */ = {
			isa = PBXResourcesBuildPhase;
			buildActionMask = 2147483647;
			files = (
			);
			runOnlyForDeploymentPostprocessing = 0;
		};
		13B07F8E1A680F5B00A75B9A /* Resources */ = {
			isa = PBXResourcesBuildPhase;
			buildActionMask = 2147483647;
			files = (
				D56D33E82330C70E0068C8AE /* assets in Resources */,
				13B07FBF1A68108700A75B9A /* Images.xcassets in Resources */,
			);
			runOnlyForDeploymentPostprocessing = 0;
		};
		2D02E4791E0B4A5D006451C7 /* Resources */ = {
			isa = PBXResourcesBuildPhase;
			buildActionMask = 2147483647;
			files = (
				2D02E4BD1E0B4A84006451C7 /* Images.xcassets in Resources */,
			);
			runOnlyForDeploymentPostprocessing = 0;
		};
		2D02E48E1E0B4A5D006451C7 /* Resources */ = {
			isa = PBXResourcesBuildPhase;
			buildActionMask = 2147483647;
			files = (
			);
			runOnlyForDeploymentPostprocessing = 0;
		};
/* End PBXResourcesBuildPhase section */

/* Begin PBXShellScriptBuildPhase section */
		00DD1BFF1BD5951E006B06BC /* Bundle React Native code and images */ = {
			isa = PBXShellScriptBuildPhase;
			buildActionMask = 2147483647;
			files = (
			);
			inputPaths = (
			);
			name = "Bundle React Native code and images";
			outputPaths = (
			);
			runOnlyForDeploymentPostprocessing = 0;
			shellPath = /bin/sh;
			shellScript = "export NODE_BINARY=node\nexport FORCE_BUNDLING=true\n../node_modules/react-native/scripts/react-native-xcode.sh\n";
		};
		221D92CB8872F2DEFA560609 /* [CP] Check Pods Manifest.lock */ = {
			isa = PBXShellScriptBuildPhase;
			buildActionMask = 2147483647;
			files = (
			);
			inputFileListPaths = (
			);
			inputPaths = (
				"${PODS_PODFILE_DIR_PATH}/Podfile.lock",
				"${PODS_ROOT}/Manifest.lock",
			);
			name = "[CP] Check Pods Manifest.lock";
			outputFileListPaths = (
			);
			outputPaths = (
				"$(DERIVED_FILE_DIR)/Pods-xinkongjianpzt-tvOS-checkManifestLockResult.txt",
			);
			runOnlyForDeploymentPostprocessing = 0;
			shellPath = /bin/sh;
			shellScript = "diff \"${PODS_PODFILE_DIR_PATH}/Podfile.lock\" \"${PODS_ROOT}/Manifest.lock\" > /dev/null\nif [ $? != 0 ] ; then\n    # print error to STDERR\n    echo \"error: The sandbox is not in sync with the Podfile.lock. Run 'pod install' or update your CocoaPods installation.\" >&2\n    exit 1\nfi\n# This output is used by Xcode 'outputs' to avoid re-running this script phase.\necho \"SUCCESS\" > \"${SCRIPT_OUTPUT_FILE_0}\"\n";
			showEnvVarsInLog = 0;
		};
		2D02E4CB1E0B4B27006451C7 /* Bundle React Native Code And Images */ = {
			isa = PBXShellScriptBuildPhase;
			buildActionMask = 2147483647;
			files = (
			);
			inputPaths = (
			);
			name = "Bundle React Native Code And Images";
			outputPaths = (
			);
			runOnlyForDeploymentPostprocessing = 0;
			shellPath = /bin/sh;
			shellScript = "export NODE_BINARY=node\n../node_modules/react-native/scripts/react-native-xcode.sh";
		};
		80F5333F64ABB55052A1C55F /* [CP] Check Pods Manifest.lock */ = {
			isa = PBXShellScriptBuildPhase;
			buildActionMask = 2147483647;
			files = (
			);
			inputFileListPaths = (
			);
			inputPaths = (
				"${PODS_PODFILE_DIR_PATH}/Podfile.lock",
				"${PODS_ROOT}/Manifest.lock",
			);
			name = "[CP] Check Pods Manifest.lock";
			outputFileListPaths = (
			);
			outputPaths = (
				"$(DERIVED_FILE_DIR)/Pods-xinkongjianpzt-checkManifestLockResult.txt",
			);
			runOnlyForDeploymentPostprocessing = 0;
			shellPath = /bin/sh;
			shellScript = "diff \"${PODS_PODFILE_DIR_PATH}/Podfile.lock\" \"${PODS_ROOT}/Manifest.lock\" > /dev/null\nif [ $? != 0 ] ; then\n    # print error to STDERR\n    echo \"error: The sandbox is not in sync with the Podfile.lock. Run 'pod install' or update your CocoaPods installation.\" >&2\n    exit 1\nfi\n# This output is used by Xcode 'outputs' to avoid re-running this script phase.\necho \"SUCCESS\" > \"${SCRIPT_OUTPUT_FILE_0}\"\n";
			showEnvVarsInLog = 0;
		};
		A791C928B3787A341DD29E88 /* [CP] Check Pods Manifest.lock */ = {
			isa = PBXShellScriptBuildPhase;
			buildActionMask = 2147483647;
			files = (
			);
			inputFileListPaths = (
			);
			inputPaths = (
				"${PODS_PODFILE_DIR_PATH}/Podfile.lock",
				"${PODS_ROOT}/Manifest.lock",
			);
			name = "[CP] Check Pods Manifest.lock";
			outputFileListPaths = (
			);
			outputPaths = (
				"$(DERIVED_FILE_DIR)/Pods-xinkongjianpzt-tvOSTests-checkManifestLockResult.txt",
			);
			runOnlyForDeploymentPostprocessing = 0;
			shellPath = /bin/sh;
			shellScript = "diff \"${PODS_PODFILE_DIR_PATH}/Podfile.lock\" \"${PODS_ROOT}/Manifest.lock\" > /dev/null\nif [ $? != 0 ] ; then\n    # print error to STDERR\n    echo \"error: The sandbox is not in sync with the Podfile.lock. Run 'pod install' or update your CocoaPods installation.\" >&2\n    exit 1\nfi\n# This output is used by Xcode 'outputs' to avoid re-running this script phase.\necho \"SUCCESS\" > \"${SCRIPT_OUTPUT_FILE_0}\"\n";
			showEnvVarsInLog = 0;
		};
		B23EC621291B3280FB64C9FE /* [CP] Copy Pods Resources */ = {
			isa = PBXShellScriptBuildPhase;
			buildActionMask = 2147483647;
			files = (
			);
			inputPaths = (
				"${PODS_ROOT}/Target Support Files/Pods-xinkongjianpzt/Pods-xinkongjianpzt-resources.sh",
				"${PODS_ROOT}/AlicloudFeedback/feedback/YWFeedbackBundle.bundle",
				"${PODS_ROOT}/BaiduMapKit/BaiduMapKit/BaiduMapAPI_Map.framework/Resources/mapapi.bundle",
				"${PODS_CONFIGURATION_BUILD_DIR}/QBImagePickerController/QBImagePicker.bundle",
				"${PODS_ROOT}/RSKImageCropper/RSKImageCropper/RSKImageCropperStrings.bundle",
				"${PODS_CONFIGURATION_BUILD_DIR}/react-native-baidumap-sdk/react-native-baidumap-sdk.bundle",
			);
			name = "[CP] Copy Pods Resources";
			outputPaths = (
				"${TARGET_BUILD_DIR}/${UNLOCALIZED_RESOURCES_FOLDER_PATH}/YWFeedbackBundle.bundle",
				"${TARGET_BUILD_DIR}/${UNLOCALIZED_RESOURCES_FOLDER_PATH}/mapapi.bundle",
				"${TARGET_BUILD_DIR}/${UNLOCALIZED_RESOURCES_FOLDER_PATH}/QBImagePicker.bundle",
				"${TARGET_BUILD_DIR}/${UNLOCALIZED_RESOURCES_FOLDER_PATH}/RSKImageCropperStrings.bundle",
				"${TARGET_BUILD_DIR}/${UNLOCALIZED_RESOURCES_FOLDER_PATH}/react-native-baidumap-sdk.bundle",
			);
			runOnlyForDeploymentPostprocessing = 0;
			shellPath = /bin/sh;
			shellScript = "\"${PODS_ROOT}/Target Support Files/Pods-xinkongjianpzt/Pods-xinkongjianpzt-resources.sh\"\n";
			showEnvVarsInLog = 0;
		};
		FD10A7F022414F080027D42C /* Start Packager */ = {
			isa = PBXShellScriptBuildPhase;
			buildActionMask = 2147483647;
			files = (
			);
			inputFileListPaths = (
			);
			inputPaths = (
			);
			name = "Start Packager";
			outputFileListPaths = (
			);
			outputPaths = (
			);
			runOnlyForDeploymentPostprocessing = 0;
			shellPath = /bin/sh;
			shellScript = "export RCT_METRO_PORT=\"${RCT_METRO_PORT:=8081}\"\necho \"export RCT_METRO_PORT=${RCT_METRO_PORT}\" > \"${SRCROOT}/../node_modules/react-native/scripts/.packager.env\"\nif [ -z \"${RCT_NO_LAUNCH_PACKAGER+xxx}\" ] ; then\n  if nc -w 5 -z localhost ${RCT_METRO_PORT} ; then\n    if ! curl -s \"http://localhost:${RCT_METRO_PORT}/status\" | grep -q \"packager-status:running\" ; then\n      echo \"Port ${RCT_METRO_PORT} already in use, packager is either not running or not running correctly\"\n      exit 2\n    fi\n  else\n    open \"$SRCROOT/../node_modules/react-native/scripts/launchPackager.command\" || echo \"Can't start packager automatically\"\n  fi\nfi\n";
			showEnvVarsInLog = 0;
		};
		FD10A7F122414F3F0027D42C /* Start Packager */ = {
			isa = PBXShellScriptBuildPhase;
			buildActionMask = 2147483647;
			files = (
			);
			inputFileListPaths = (
			);
			inputPaths = (
			);
			name = "Start Packager";
			outputFileListPaths = (
			);
			outputPaths = (
			);
			runOnlyForDeploymentPostprocessing = 0;
			shellPath = /bin/sh;
			shellScript = "export RCT_METRO_PORT=\"${RCT_METRO_PORT:=8081}\"\necho \"export RCT_METRO_PORT=${RCT_METRO_PORT}\" > \"${SRCROOT}/../node_modules/react-native/scripts/.packager.env\"\nif [ -z \"${RCT_NO_LAUNCH_PACKAGER+xxx}\" ] ; then\n  if nc -w 5 -z localhost ${RCT_METRO_PORT} ; then\n    if ! curl -s \"http://localhost:${RCT_METRO_PORT}/status\" | grep -q \"packager-status:running\" ; then\n      echo \"Port ${RCT_METRO_PORT} already in use, packager is either not running or not running correctly\"\n      exit 2\n    fi\n  else\n    open \"$SRCROOT/../node_modules/react-native/scripts/launchPackager.command\" || echo \"Can't start packager automatically\"\n  fi\nfi\n";
			showEnvVarsInLog = 0;
		};
		FD21EF0AF876FE81F7CE2089 /* [CP] Check Pods Manifest.lock */ = {
			isa = PBXShellScriptBuildPhase;
			buildActionMask = 2147483647;
			files = (
			);
			inputFileListPaths = (
			);
			inputPaths = (
				"${PODS_PODFILE_DIR_PATH}/Podfile.lock",
				"${PODS_ROOT}/Manifest.lock",
			);
			name = "[CP] Check Pods Manifest.lock";
			outputFileListPaths = (
			);
			outputPaths = (
				"$(DERIVED_FILE_DIR)/Pods-xinkongjianpztTests-checkManifestLockResult.txt",
			);
			runOnlyForDeploymentPostprocessing = 0;
			shellPath = /bin/sh;
			shellScript = "diff \"${PODS_PODFILE_DIR_PATH}/Podfile.lock\" \"${PODS_ROOT}/Manifest.lock\" > /dev/null\nif [ $? != 0 ] ; then\n    # print error to STDERR\n    echo \"error: The sandbox is not in sync with the Podfile.lock. Run 'pod install' or update your CocoaPods installation.\" >&2\n    exit 1\nfi\n# This output is used by Xcode 'outputs' to avoid re-running this script phase.\necho \"SUCCESS\" > \"${SCRIPT_OUTPUT_FILE_0}\"\n";
			showEnvVarsInLog = 0;
		};
/* End PBXShellScriptBuildPhase section */

/* Begin PBXSourcesBuildPhase section */
		00E356EA1AD99517003FC87E /* Sources */ = {
			isa = PBXSourcesBuildPhase;
			buildActionMask = 2147483647;
			files = (
			);
			runOnlyForDeploymentPostprocessing = 0;
		};
		13B07F871A680F5B00A75B9A /* Sources */ = {
			isa = PBXSourcesBuildPhase;
			buildActionMask = 2147483647;
			files = (
				13B07FBC1A68108700A75B9A /* AppDelegate.m in Sources */,
				13B07FC11A68108700A75B9A /* main.m in Sources */,
				D55E355F232E65ED0076F918 /* FeedbackModule.m in Sources */,
				D595D056230D4DB600387ED9 /* DeviceTokenModule.m in Sources */,
			);
			runOnlyForDeploymentPostprocessing = 0;
		};
		2D02E4771E0B4A5D006451C7 /* Sources */ = {
			isa = PBXSourcesBuildPhase;
			buildActionMask = 2147483647;
			files = (
				2D02E4BF1E0B4AB3006451C7 /* main.m in Sources */,
				2D02E4BC1E0B4A80006451C7 /* AppDelegate.m in Sources */,
			);
			runOnlyForDeploymentPostprocessing = 0;
		};
		2D02E48C1E0B4A5D006451C7 /* Sources */ = {
			isa = PBXSourcesBuildPhase;
			buildActionMask = 2147483647;
			files = (
				2DCD954D1E0B4F2C00145EB5 /* xinkongjianpztTests.m in Sources */,
			);
			runOnlyForDeploymentPostprocessing = 0;
		};
/* End PBXSourcesBuildPhase section */

/* Begin PBXTargetDependency section */
		00E356F51AD99517003FC87E /* PBXTargetDependency */ = {
			isa = PBXTargetDependency;
			target = 13B07F861A680F5B00A75B9A /* xinkongjianpzt */;
			targetProxy = 00E356F41AD99517003FC87E /* PBXContainerItemProxy */;
		};
		2D02E4921E0B4A5D006451C7 /* PBXTargetDependency */ = {
			isa = PBXTargetDependency;
			target = 2D02E47A1E0B4A5D006451C7 /* xinkongjianpzt-tvOS */;
			targetProxy = 2D02E4911E0B4A5D006451C7 /* PBXContainerItemProxy */;
		};
/* End PBXTargetDependency section */

/* Begin XCBuildConfiguration section */
		00E356F61AD99517003FC87E /* Debug */ = {
			isa = XCBuildConfiguration;
			baseConfigurationReference = FA9152FA41015674F23D7EA8 /* Pods-xinkongjianpztTests.debug.xcconfig */;
			buildSettings = {
				BUNDLE_LOADER = "$(TEST_HOST)";
				DEVELOPMENT_TEAM = 835GM6ANYK;
				GCC_PREPROCESSOR_DEFINITIONS = (
					"DEBUG=1",
					"$(inherited)",
				);
				HEADER_SEARCH_PATHS = (
					"$(inherited)",
					"$(SRCROOT)/../node_modules/react-native-xinge-push/ios/**",
					"$(SRCROOT)/../node_modules/react-native-smart-barcode/ios/RCTBarcode/RCTBarcode",
				);
				INFOPLIST_FILE = xinkongjianpztTests/Info.plist;
				IPHONEOS_DEPLOYMENT_TARGET = 9.0;
				LD_RUNPATH_SEARCH_PATHS = "$(inherited) @executable_path/Frameworks @loader_path/Frameworks";
				LIBRARY_SEARCH_PATHS = (
					"$(inherited)",
					"\"$(SRCROOT)/$(TARGET_NAME)\"",
					"\"$(SRCROOT)/$(TARGET_NAME)\"",
				);
				OTHER_LDFLAGS = (
					"-ObjC",
					"-lc++",
					"$(inherited)",
				);
				PRODUCT_BUNDLE_IDENTIFIER = "org.reactjs.native.example.$(PRODUCT_NAME:rfc1034identifier)";
				PRODUCT_NAME = "$(TARGET_NAME)";
				TEST_HOST = "$(BUILT_PRODUCTS_DIR)/xinkongjianpzt.app/xinkongjianpzt";
			};
			name = Debug;
		};
		00E356F71AD99517003FC87E /* Release */ = {
			isa = XCBuildConfiguration;
			baseConfigurationReference = 67BD3D94CFC1E706684F3C28 /* Pods-xinkongjianpztTests.release.xcconfig */;
			buildSettings = {
				BUNDLE_LOADER = "$(TEST_HOST)";
				COPY_PHASE_STRIP = NO;
				DEVELOPMENT_TEAM = 835GM6ANYK;
				HEADER_SEARCH_PATHS = (
					"$(inherited)",
					"$(SRCROOT)/../node_modules/react-native-xinge-push/ios/**",
					"$(SRCROOT)/../node_modules/react-native-smart-barcode/ios/RCTBarcode/RCTBarcode",
				);
				INFOPLIST_FILE = xinkongjianpztTests/Info.plist;
				IPHONEOS_DEPLOYMENT_TARGET = 9.0;
				LD_RUNPATH_SEARCH_PATHS = "$(inherited) @executable_path/Frameworks @loader_path/Frameworks";
				LIBRARY_SEARCH_PATHS = (
					"$(inherited)",
					"\"$(SRCROOT)/$(TARGET_NAME)\"",
					"\"$(SRCROOT)/$(TARGET_NAME)\"",
				);
				OTHER_LDFLAGS = (
					"-ObjC",
					"-lc++",
					"$(inherited)",
				);
				PRODUCT_BUNDLE_IDENTIFIER = "org.reactjs.native.example.$(PRODUCT_NAME:rfc1034identifier)";
				PRODUCT_NAME = "$(TARGET_NAME)";
				TEST_HOST = "$(BUILT_PRODUCTS_DIR)/xinkongjianpzt.app/xinkongjianpzt";
			};
			name = Release;
		};
		13B07F941A680F5B00A75B9A /* Debug */ = {
			isa = XCBuildConfiguration;
			baseConfigurationReference = 17B521DDF00D5437047CD503 /* Pods-xinkongjianpzt.debug.xcconfig */;
			buildSettings = {
				ASSETCATALOG_COMPILER_APPICON_NAME = AppIcon;
				ASSETCATALOG_COMPILER_LAUNCHIMAGE_NAME = LaunchImage;
				CODEPUSH_KEY = "";
				CODE_SIGN_ENTITLEMENTS = xinkongjianpzt/xinkongjianpzt.entitlements;
				CURRENT_PROJECT_VERSION = 1;
				DEAD_CODE_STRIPPING = NO;
				DEVELOPMENT_TEAM = 835GM6ANYK;
				ENABLE_BITCODE = NO;
				FRAMEWORK_SEARCH_PATHS = (
					"$(inherited)",
					"$(PROJECT_DIR)/Pods/UMCAnalytics",
					"$(PROJECT_DIR)/Pods/UMCCommon",
				);
				HEADER_SEARCH_PATHS = (
					"$(inherited)",
					"$(SRCROOT)/../node_modules/react-native-xinge-push/ios/**",
					"$(SRCROOT)/../node_modules/react-native-smart-barcode/ios/RCTBarcode/RCTBarcode",
				);
				INFOPLIST_FILE = xinkongjianpzt/Info.plist;
				LD_RUNPATH_SEARCH_PATHS = "$(inherited) @executable_path/Frameworks";
				OTHER_LDFLAGS = (
					"$(inherited)",
					"-ObjC",
					"-lc++",
				);
				PRODUCT_BUNDLE_IDENTIFIER = org.mxkj.xinkongjianpzt;
				PRODUCT_NAME = xinkongjianpzt;
				VERSIONING_SYSTEM = "apple-generic";
			};
			name = Debug;
		};
		13B07F951A680F5B00A75B9A /* Release */ = {
			isa = XCBuildConfiguration;
			baseConfigurationReference = E2E48DD5FC928FB0E9E4C547 /* Pods-xinkongjianpzt.release.xcconfig */;
			buildSettings = {
				ASSETCATALOG_COMPILER_APPICON_NAME = AppIcon;
				ASSETCATALOG_COMPILER_LAUNCHIMAGE_NAME = LaunchImage;
				CODEPUSH_KEY = eFDVIvcZlHQegSiEgqbwavLtHXfyjmT6Jan20;
				CODE_SIGN_ENTITLEMENTS = xinkongjianpzt/xinkongjianpzt.entitlements;
				CURRENT_PROJECT_VERSION = 1;
				DEVELOPMENT_TEAM = 835GM6ANYK;
				ENABLE_BITCODE = NO;
				FRAMEWORK_SEARCH_PATHS = (
					"$(inherited)",
					"$(PROJECT_DIR)/Pods/UMCAnalytics",
					"$(PROJECT_DIR)/Pods/UMCCommon",
				);
				HEADER_SEARCH_PATHS = (
					"$(inherited)",
					"$(SRCROOT)/../node_modules/react-native-xinge-push/ios/**",
					"$(SRCROOT)/../node_modules/react-native-smart-barcode/ios/RCTBarcode/RCTBarcode",
				);
				INFOPLIST_FILE = xinkongjianpzt/Info.plist;
				LD_RUNPATH_SEARCH_PATHS = "$(inherited) @executable_path/Frameworks";
				OTHER_LDFLAGS = (
					"$(inherited)",
					"-ObjC",
					"-lc++",
				);
				PRODUCT_BUNDLE_IDENTIFIER = org.mxkj.xinkongjianpzt;
				PRODUCT_NAME = xinkongjianpzt;
				VERSIONING_SYSTEM = "apple-generic";
			};
			name = Release;
		};
		2D02E4971E0B4A5E006451C7 /* Debug */ = {
			isa = XCBuildConfiguration;
			baseConfigurationReference = 490C056DB2E81E32481864EB /* Pods-xinkongjianpzt-tvOS.debug.xcconfig */;
			buildSettings = {
				ASSETCATALOG_COMPILER_APPICON_NAME = "App Icon & Top Shelf Image";
				ASSETCATALOG_COMPILER_LAUNCHIMAGE_NAME = LaunchImage;
				CLANG_ANALYZER_NONNULL = YES;
				CLANG_WARN_DOCUMENTATION_COMMENTS = YES;
				CLANG_WARN_INFINITE_RECURSION = YES;
				CLANG_WARN_SUSPICIOUS_MOVE = YES;
				DEBUG_INFORMATION_FORMAT = dwarf;
				ENABLE_TESTABILITY = YES;
				GCC_NO_COMMON_BLOCKS = YES;
				HEADER_SEARCH_PATHS = (
					"$(inherited)",
					"$(SRCROOT)/../node_modules/react-native-xinge-push/ios/**",
					"$(SRCROOT)/../node_modules/react-native-smart-barcode/ios/RCTBarcode/RCTBarcode",
				);
				INFOPLIST_FILE = "xinkongjianpzt-tvOS/Info.plist";
				LD_RUNPATH_SEARCH_PATHS = "$(inherited) @executable_path/Frameworks";
				LIBRARY_SEARCH_PATHS = (
					"$(inherited)",
					"\"$(SRCROOT)/$(TARGET_NAME)\"",
					"\"$(SRCROOT)/$(TARGET_NAME)\"",
				);
				OTHER_LDFLAGS = (
					"$(inherited)",
					"-ObjC",
					"-lc++",
				);
				PRODUCT_BUNDLE_IDENTIFIER = "com.facebook.REACT.xinkongjianpzt-tvOS";
				PRODUCT_NAME = "$(TARGET_NAME)";
				SDKROOT = appletvos;
				TARGETED_DEVICE_FAMILY = 3;
				TVOS_DEPLOYMENT_TARGET = 9.2;
			};
			name = Debug;
		};
		2D02E4981E0B4A5E006451C7 /* Release */ = {
			isa = XCBuildConfiguration;
			baseConfigurationReference = 74D0C5C6925B27E912AF7BD2 /* Pods-xinkongjianpzt-tvOS.release.xcconfig */;
			buildSettings = {
				ASSETCATALOG_COMPILER_APPICON_NAME = "App Icon & Top Shelf Image";
				ASSETCATALOG_COMPILER_LAUNCHIMAGE_NAME = LaunchImage;
				CLANG_ANALYZER_NONNULL = YES;
				CLANG_WARN_DOCUMENTATION_COMMENTS = YES;
				CLANG_WARN_INFINITE_RECURSION = YES;
				CLANG_WARN_SUSPICIOUS_MOVE = YES;
				COPY_PHASE_STRIP = NO;
				DEBUG_INFORMATION_FORMAT = "dwarf-with-dsym";
				GCC_NO_COMMON_BLOCKS = YES;
				HEADER_SEARCH_PATHS = (
					"$(inherited)",
					"$(SRCROOT)/../node_modules/react-native-xinge-push/ios/**",
					"$(SRCROOT)/../node_modules/react-native-smart-barcode/ios/RCTBarcode/RCTBarcode",
				);
				INFOPLIST_FILE = "xinkongjianpzt-tvOS/Info.plist";
				LD_RUNPATH_SEARCH_PATHS = "$(inherited) @executable_path/Frameworks";
				LIBRARY_SEARCH_PATHS = (
					"$(inherited)",
					"\"$(SRCROOT)/$(TARGET_NAME)\"",
					"\"$(SRCROOT)/$(TARGET_NAME)\"",
				);
				OTHER_LDFLAGS = (
					"$(inherited)",
					"-ObjC",
					"-lc++",
				);
				PRODUCT_BUNDLE_IDENTIFIER = "com.facebook.REACT.xinkongjianpzt-tvOS";
				PRODUCT_NAME = "$(TARGET_NAME)";
				SDKROOT = appletvos;
				TARGETED_DEVICE_FAMILY = 3;
				TVOS_DEPLOYMENT_TARGET = 9.2;
			};
			name = Release;
		};
		2D02E4991E0B4A5E006451C7 /* Debug */ = {
			isa = XCBuildConfiguration;
			baseConfigurationReference = BB005BFB9A7EFC7269F20470 /* Pods-xinkongjianpzt-tvOSTests.debug.xcconfig */;
			buildSettings = {
				BUNDLE_LOADER = "$(TEST_HOST)";
				CLANG_ANALYZER_NONNULL = YES;
				CLANG_WARN_DOCUMENTATION_COMMENTS = YES;
				CLANG_WARN_INFINITE_RECURSION = YES;
				CLANG_WARN_SUSPICIOUS_MOVE = YES;
				DEBUG_INFORMATION_FORMAT = dwarf;
				ENABLE_TESTABILITY = YES;
				GCC_NO_COMMON_BLOCKS = YES;
				HEADER_SEARCH_PATHS = (
					"$(inherited)",
					"$(SRCROOT)/../node_modules/react-native-xinge-push/ios/**",
					"$(SRCROOT)/../node_modules/react-native-smart-barcode/ios/RCTBarcode/RCTBarcode",
				);
				INFOPLIST_FILE = "xinkongjianpzt-tvOSTests/Info.plist";
				LD_RUNPATH_SEARCH_PATHS = "$(inherited) @executable_path/Frameworks @loader_path/Frameworks";
				LIBRARY_SEARCH_PATHS = (
					"$(inherited)",
					"\"$(SRCROOT)/$(TARGET_NAME)\"",
					"\"$(SRCROOT)/$(TARGET_NAME)\"",
				);
				OTHER_LDFLAGS = (
					"$(inherited)",
					"-ObjC",
					"-lc++",
				);
				PRODUCT_BUNDLE_IDENTIFIER = "com.facebook.REACT.xinkongjianpzt-tvOSTests";
				PRODUCT_NAME = "$(TARGET_NAME)";
				SDKROOT = appletvos;
				TEST_HOST = "$(BUILT_PRODUCTS_DIR)/xinkongjianpzt-tvOS.app/xinkongjianpzt-tvOS";
				TVOS_DEPLOYMENT_TARGET = 10.1;
			};
			name = Debug;
		};
		2D02E49A1E0B4A5E006451C7 /* Release */ = {
			isa = XCBuildConfiguration;
			baseConfigurationReference = 5FDA1A1BC10C1073DDE04C73 /* Pods-xinkongjianpzt-tvOSTests.release.xcconfig */;
			buildSettings = {
				BUNDLE_LOADER = "$(TEST_HOST)";
				CLANG_ANALYZER_NONNULL = YES;
				CLANG_WARN_DOCUMENTATION_COMMENTS = YES;
				CLANG_WARN_INFINITE_RECURSION = YES;
				CLANG_WARN_SUSPICIOUS_MOVE = YES;
				COPY_PHASE_STRIP = NO;
				DEBUG_INFORMATION_FORMAT = "dwarf-with-dsym";
				GCC_NO_COMMON_BLOCKS = YES;
				HEADER_SEARCH_PATHS = (
					"$(inherited)",
					"$(SRCROOT)/../node_modules/react-native-xinge-push/ios/**",
					"$(SRCROOT)/../node_modules/react-native-smart-barcode/ios/RCTBarcode/RCTBarcode",
				);
				INFOPLIST_FILE = "xinkongjianpzt-tvOSTests/Info.plist";
				LD_RUNPATH_SEARCH_PATHS = "$(inherited) @executable_path/Frameworks @loader_path/Frameworks";
				LIBRARY_SEARCH_PATHS = (
					"$(inherited)",
					"\"$(SRCROOT)/$(TARGET_NAME)\"",
					"\"$(SRCROOT)/$(TARGET_NAME)\"",
				);
				OTHER_LDFLAGS = (
					"$(inherited)",
					"-ObjC",
					"-lc++",
				);
				PRODUCT_BUNDLE_IDENTIFIER = "com.facebook.REACT.xinkongjianpzt-tvOSTests";
				PRODUCT_NAME = "$(TARGET_NAME)";
				SDKROOT = appletvos;
				TEST_HOST = "$(BUILT_PRODUCTS_DIR)/xinkongjianpzt-tvOS.app/xinkongjianpzt-tvOS";
				TVOS_DEPLOYMENT_TARGET = 10.1;
			};
			name = Release;
		};
		83CBBA201A601CBA00E9B192 /* Debug */ = {
			isa = XCBuildConfiguration;
			buildSettings = {
				ALWAYS_SEARCH_USER_PATHS = NO;
				CLANG_ANALYZER_LOCALIZABILITY_NONLOCALIZED = YES;
				CLANG_CXX_LANGUAGE_STANDARD = "gnu++0x";
				CLANG_CXX_LIBRARY = "libc++";
				CLANG_ENABLE_MODULES = YES;
				CLANG_ENABLE_OBJC_ARC = YES;
				CLANG_WARN_BLOCK_CAPTURE_AUTORELEASING = YES;
				CLANG_WARN_BOOL_CONVERSION = YES;
				CLANG_WARN_COMMA = YES;
				CLANG_WARN_CONSTANT_CONVERSION = YES;
				CLANG_WARN_DEPRECATED_OBJC_IMPLEMENTATIONS = YES;
				CLANG_WARN_DIRECT_OBJC_ISA_USAGE = YES_ERROR;
				CLANG_WARN_EMPTY_BODY = YES;
				CLANG_WARN_ENUM_CONVERSION = YES;
				CLANG_WARN_INFINITE_RECURSION = YES;
				CLANG_WARN_INT_CONVERSION = YES;
				CLANG_WARN_NON_LITERAL_NULL_CONVERSION = YES;
				CLANG_WARN_OBJC_IMPLICIT_RETAIN_SELF = YES;
				CLANG_WARN_OBJC_LITERAL_CONVERSION = YES;
				CLANG_WARN_OBJC_ROOT_CLASS = YES_ERROR;
				CLANG_WARN_RANGE_LOOP_ANALYSIS = YES;
				CLANG_WARN_STRICT_PROTOTYPES = YES;
				CLANG_WARN_SUSPICIOUS_MOVE = YES;
				CLANG_WARN_UNREACHABLE_CODE = YES;
				CLANG_WARN__DUPLICATE_METHOD_MATCH = YES;
				CODEPUSH_KEY = "";
				"CODE_SIGN_IDENTITY[sdk=iphoneos*]" = "iPhone Developer";
				COPY_PHASE_STRIP = NO;
				ENABLE_STRICT_OBJC_MSGSEND = YES;
				ENABLE_TESTABILITY = YES;
				GCC_C_LANGUAGE_STANDARD = gnu99;
				GCC_DYNAMIC_NO_PIC = NO;
				GCC_NO_COMMON_BLOCKS = YES;
				GCC_OPTIMIZATION_LEVEL = 0;
				GCC_PREPROCESSOR_DEFINITIONS = (
					"DEBUG=1",
					"$(inherited)",
				);
				GCC_SYMBOLS_PRIVATE_EXTERN = NO;
				GCC_WARN_64_TO_32_BIT_CONVERSION = YES;
				GCC_WARN_ABOUT_RETURN_TYPE = YES_ERROR;
				GCC_WARN_UNDECLARED_SELECTOR = YES;
				GCC_WARN_UNINITIALIZED_AUTOS = YES_AGGRESSIVE;
				GCC_WARN_UNUSED_FUNCTION = YES;
				GCC_WARN_UNUSED_VARIABLE = YES;
				IPHONEOS_DEPLOYMENT_TARGET = 9.0;
				MTL_ENABLE_DEBUG_INFO = YES;
				ONLY_ACTIVE_ARCH = YES;
				SDKROOT = iphoneos;
			};
			name = Debug;
		};
		83CBBA211A601CBA00E9B192 /* Release */ = {
			isa = XCBuildConfiguration;
			buildSettings = {
				ALWAYS_SEARCH_USER_PATHS = NO;
				CLANG_ANALYZER_LOCALIZABILITY_NONLOCALIZED = YES;
				CLANG_CXX_LANGUAGE_STANDARD = "gnu++0x";
				CLANG_CXX_LIBRARY = "libc++";
				CLANG_ENABLE_MODULES = YES;
				CLANG_ENABLE_OBJC_ARC = YES;
				CLANG_WARN_BLOCK_CAPTURE_AUTORELEASING = YES;
				CLANG_WARN_BOOL_CONVERSION = YES;
				CLANG_WARN_COMMA = YES;
				CLANG_WARN_CONSTANT_CONVERSION = YES;
				CLANG_WARN_DEPRECATED_OBJC_IMPLEMENTATIONS = YES;
				CLANG_WARN_DIRECT_OBJC_ISA_USAGE = YES_ERROR;
				CLANG_WARN_EMPTY_BODY = YES;
				CLANG_WARN_ENUM_CONVERSION = YES;
				CLANG_WARN_INFINITE_RECURSION = YES;
				CLANG_WARN_INT_CONVERSION = YES;
				CLANG_WARN_NON_LITERAL_NULL_CONVERSION = YES;
				CLANG_WARN_OBJC_IMPLICIT_RETAIN_SELF = YES;
				CLANG_WARN_OBJC_LITERAL_CONVERSION = YES;
				CLANG_WARN_OBJC_ROOT_CLASS = YES_ERROR;
				CLANG_WARN_RANGE_LOOP_ANALYSIS = YES;
				CLANG_WARN_STRICT_PROTOTYPES = YES;
				CLANG_WARN_SUSPICIOUS_MOVE = YES;
				CLANG_WARN_UNREACHABLE_CODE = YES;
				CLANG_WARN__DUPLICATE_METHOD_MATCH = YES;
				CODEPUSH_KEY = eFDVIvcZlHQegSiEgqbwavLtHXfyjmT6Jan20;
				"CODE_SIGN_IDENTITY[sdk=iphoneos*]" = "iPhone Developer";
				COPY_PHASE_STRIP = YES;
				ENABLE_NS_ASSERTIONS = NO;
				ENABLE_STRICT_OBJC_MSGSEND = YES;
				GCC_C_LANGUAGE_STANDARD = gnu99;
				GCC_NO_COMMON_BLOCKS = YES;
				GCC_WARN_64_TO_32_BIT_CONVERSION = YES;
				GCC_WARN_ABOUT_RETURN_TYPE = YES_ERROR;
				GCC_WARN_UNDECLARED_SELECTOR = YES;
				GCC_WARN_UNINITIALIZED_AUTOS = YES_AGGRESSIVE;
				GCC_WARN_UNUSED_FUNCTION = YES;
				GCC_WARN_UNUSED_VARIABLE = YES;
				IPHONEOS_DEPLOYMENT_TARGET = 9.0;
				MTL_ENABLE_DEBUG_INFO = NO;
				ONLY_ACTIVE_ARCH = YES;
				SDKROOT = iphoneos;
				VALIDATE_PRODUCT = YES;
			};
			name = Release;
		};
		D578EADA232FA75C00C3FF31 /* Staging */ = {
			isa = XCBuildConfiguration;
			buildSettings = {
				ALWAYS_SEARCH_USER_PATHS = NO;
				CLANG_ANALYZER_LOCALIZABILITY_NONLOCALIZED = YES;
				CLANG_CXX_LANGUAGE_STANDARD = "gnu++0x";
				CLANG_CXX_LIBRARY = "libc++";
				CLANG_ENABLE_MODULES = YES;
				CLANG_ENABLE_OBJC_ARC = YES;
				CLANG_WARN_BLOCK_CAPTURE_AUTORELEASING = YES;
				CLANG_WARN_BOOL_CONVERSION = YES;
				CLANG_WARN_COMMA = YES;
				CLANG_WARN_CONSTANT_CONVERSION = YES;
				CLANG_WARN_DEPRECATED_OBJC_IMPLEMENTATIONS = YES;
				CLANG_WARN_DIRECT_OBJC_ISA_USAGE = YES_ERROR;
				CLANG_WARN_EMPTY_BODY = YES;
				CLANG_WARN_ENUM_CONVERSION = YES;
				CLANG_WARN_INFINITE_RECURSION = YES;
				CLANG_WARN_INT_CONVERSION = YES;
				CLANG_WARN_NON_LITERAL_NULL_CONVERSION = YES;
				CLANG_WARN_OBJC_IMPLICIT_RETAIN_SELF = YES;
				CLANG_WARN_OBJC_LITERAL_CONVERSION = YES;
				CLANG_WARN_OBJC_ROOT_CLASS = YES_ERROR;
				CLANG_WARN_RANGE_LOOP_ANALYSIS = YES;
				CLANG_WARN_STRICT_PROTOTYPES = YES;
				CLANG_WARN_SUSPICIOUS_MOVE = YES;
				CLANG_WARN_UNREACHABLE_CODE = YES;
				CLANG_WARN__DUPLICATE_METHOD_MATCH = YES;
				CODEPUSH_KEY = FNE28RYPpCqu06gFPUFwrlMmbAS6jmT6Jan20;
				"CODE_SIGN_IDENTITY[sdk=iphoneos*]" = "iPhone Developer";
				COPY_PHASE_STRIP = YES;
				ENABLE_NS_ASSERTIONS = NO;
				ENABLE_STRICT_OBJC_MSGSEND = YES;
				GCC_C_LANGUAGE_STANDARD = gnu99;
				GCC_NO_COMMON_BLOCKS = YES;
				GCC_WARN_64_TO_32_BIT_CONVERSION = YES;
				GCC_WARN_ABOUT_RETURN_TYPE = YES_ERROR;
				GCC_WARN_UNDECLARED_SELECTOR = YES;
				GCC_WARN_UNINITIALIZED_AUTOS = YES_AGGRESSIVE;
				GCC_WARN_UNUSED_FUNCTION = YES;
				GCC_WARN_UNUSED_VARIABLE = YES;
				IPHONEOS_DEPLOYMENT_TARGET = 9.0;
				MTL_ENABLE_DEBUG_INFO = NO;
				SDKROOT = iphoneos;
				VALIDATE_PRODUCT = YES;
			};
			name = Staging;
		};
		D578EADB232FA75C00C3FF31 /* Staging */ = {
			isa = XCBuildConfiguration;
			baseConfigurationReference = 0CD1B4B4416F90FD4D562728 /* Pods-xinkongjianpzt.staging.xcconfig */;
			buildSettings = {
				ASSETCATALOG_COMPILER_APPICON_NAME = AppIcon;
				ASSETCATALOG_COMPILER_LAUNCHIMAGE_NAME = LaunchImage;
				CODEPUSH_KEY = FNE28RYPpCqu06gFPUFwrlMmbAS6jmT6Jan20;
				CODE_SIGN_ENTITLEMENTS = xinkongjianpzt/xinkongjianpzt.entitlements;
				CURRENT_PROJECT_VERSION = 1;
				DEVELOPMENT_TEAM = 835GM6ANYK;
				ENABLE_BITCODE = NO;
				FRAMEWORK_SEARCH_PATHS = (
					"$(inherited)",
					"$(PROJECT_DIR)/Pods/UMCAnalytics",
					"$(PROJECT_DIR)/Pods/UMCCommon",
				);
				HEADER_SEARCH_PATHS = (
					"$(inherited)",
					"$(SRCROOT)/../node_modules/react-native-xinge-push/ios/**",
					"$(SRCROOT)/../node_modules/react-native-smart-barcode/ios/RCTBarcode/RCTBarcode",
				);
				INFOPLIST_FILE = xinkongjianpzt/Info.plist;
				LD_RUNPATH_SEARCH_PATHS = "$(inherited) @executable_path/Frameworks";
				OTHER_LDFLAGS = (
					"$(inherited)",
					"-ObjC",
					"-lc++",
				);
				PRODUCT_BUNDLE_IDENTIFIER = org.mxkj.xinkongjianpzt;
				PRODUCT_NAME = xinkongjianpzt;
				VERSIONING_SYSTEM = "apple-generic";
			};
			name = Staging;
		};
		D578EADC232FA75C00C3FF31 /* Staging */ = {
			isa = XCBuildConfiguration;
			baseConfigurationReference = 2D7689415335B1F0D63D15D8 /* Pods-xinkongjianpztTests.staging.xcconfig */;
			buildSettings = {
				BUNDLE_LOADER = "$(TEST_HOST)";
				COPY_PHASE_STRIP = NO;
				DEVELOPMENT_TEAM = 835GM6ANYK;
				HEADER_SEARCH_PATHS = (
					"$(inherited)",
					"$(SRCROOT)/../node_modules/react-native-xinge-push/ios/**",
					"$(SRCROOT)/../node_modules/react-native-smart-barcode/ios/RCTBarcode/RCTBarcode",
				);
				INFOPLIST_FILE = xinkongjianpztTests/Info.plist;
				IPHONEOS_DEPLOYMENT_TARGET = 9.0;
				LD_RUNPATH_SEARCH_PATHS = "$(inherited) @executable_path/Frameworks @loader_path/Frameworks";
				LIBRARY_SEARCH_PATHS = (
					"$(inherited)",
					"\"$(SRCROOT)/$(TARGET_NAME)\"",
					"\"$(SRCROOT)/$(TARGET_NAME)\"",
				);
				OTHER_LDFLAGS = (
					"-ObjC",
					"-lc++",
					"$(inherited)",
				);
				PRODUCT_BUNDLE_IDENTIFIER = "org.reactjs.native.example.$(PRODUCT_NAME:rfc1034identifier)";
				PRODUCT_NAME = "$(TARGET_NAME)";
				TEST_HOST = "$(BUILT_PRODUCTS_DIR)/xinkongjianpzt.app/xinkongjianpzt";
			};
			name = Staging;
		};
		D578EADD232FA75C00C3FF31 /* Staging */ = {
			isa = XCBuildConfiguration;
			baseConfigurationReference = 0C09774095223FEF0A582008 /* Pods-xinkongjianpzt-tvOS.staging.xcconfig */;
			buildSettings = {
				ASSETCATALOG_COMPILER_APPICON_NAME = "App Icon & Top Shelf Image";
				ASSETCATALOG_COMPILER_LAUNCHIMAGE_NAME = LaunchImage;
				CLANG_ANALYZER_NONNULL = YES;
				CLANG_WARN_DOCUMENTATION_COMMENTS = YES;
				CLANG_WARN_INFINITE_RECURSION = YES;
				CLANG_WARN_SUSPICIOUS_MOVE = YES;
				COPY_PHASE_STRIP = NO;
				DEBUG_INFORMATION_FORMAT = "dwarf-with-dsym";
				GCC_NO_COMMON_BLOCKS = YES;
				HEADER_SEARCH_PATHS = (
					"$(inherited)",
					"$(SRCROOT)/../node_modules/react-native-xinge-push/ios/**",
					"$(SRCROOT)/../node_modules/react-native-smart-barcode/ios/RCTBarcode/RCTBarcode",
				);
				INFOPLIST_FILE = "xinkongjianpzt-tvOS/Info.plist";
				LD_RUNPATH_SEARCH_PATHS = "$(inherited) @executable_path/Frameworks";
				LIBRARY_SEARCH_PATHS = (
					"$(inherited)",
					"\"$(SRCROOT)/$(TARGET_NAME)\"",
					"\"$(SRCROOT)/$(TARGET_NAME)\"",
				);
				OTHER_LDFLAGS = (
					"$(inherited)",
					"-ObjC",
					"-lc++",
				);
				PRODUCT_BUNDLE_IDENTIFIER = "com.facebook.REACT.xinkongjianpzt-tvOS";
				PRODUCT_NAME = "$(TARGET_NAME)";
				SDKROOT = appletvos;
				TARGETED_DEVICE_FAMILY = 3;
				TVOS_DEPLOYMENT_TARGET = 9.2;
			};
			name = Staging;
		};
		D578EADE232FA75C00C3FF31 /* Staging */ = {
			isa = XCBuildConfiguration;
			baseConfigurationReference = 6268B41C0707705706B2E09B /* Pods-xinkongjianpzt-tvOSTests.staging.xcconfig */;
			buildSettings = {
				BUNDLE_LOADER = "$(TEST_HOST)";
				CLANG_ANALYZER_NONNULL = YES;
				CLANG_WARN_DOCUMENTATION_COMMENTS = YES;
				CLANG_WARN_INFINITE_RECURSION = YES;
				CLANG_WARN_SUSPICIOUS_MOVE = YES;
				COPY_PHASE_STRIP = NO;
				DEBUG_INFORMATION_FORMAT = "dwarf-with-dsym";
				GCC_NO_COMMON_BLOCKS = YES;
				HEADER_SEARCH_PATHS = (
					"$(inherited)",
					"$(SRCROOT)/../node_modules/react-native-xinge-push/ios/**",
					"$(SRCROOT)/../node_modules/react-native-smart-barcode/ios/RCTBarcode/RCTBarcode",
				);
				INFOPLIST_FILE = "xinkongjianpzt-tvOSTests/Info.plist";
				LD_RUNPATH_SEARCH_PATHS = "$(inherited) @executable_path/Frameworks @loader_path/Frameworks";
				LIBRARY_SEARCH_PATHS = (
					"$(inherited)",
					"\"$(SRCROOT)/$(TARGET_NAME)\"",
					"\"$(SRCROOT)/$(TARGET_NAME)\"",
				);
				OTHER_LDFLAGS = (
					"$(inherited)",
					"-ObjC",
					"-lc++",
				);
				PRODUCT_BUNDLE_IDENTIFIER = "com.facebook.REACT.xinkongjianpzt-tvOSTests";
				PRODUCT_NAME = "$(TARGET_NAME)";
				SDKROOT = appletvos;
				TEST_HOST = "$(BUILT_PRODUCTS_DIR)/xinkongjianpzt-tvOS.app/xinkongjianpzt-tvOS";
				TVOS_DEPLOYMENT_TARGET = 10.1;
			};
			name = Staging;
		};
/* End XCBuildConfiguration section */

/* Begin XCConfigurationList section */
		00E357021AD99517003FC87E /* Build configuration list for PBXNativeTarget "xinkongjianpztTests" */ = {
			isa = XCConfigurationList;
			buildConfigurations = (
				00E356F61AD99517003FC87E /* Debug */,
				00E356F71AD99517003FC87E /* Release */,
				D578EADC232FA75C00C3FF31 /* Staging */,
			);
			defaultConfigurationIsVisible = 0;
			defaultConfigurationName = Release;
		};
		13B07F931A680F5B00A75B9A /* Build configuration list for PBXNativeTarget "xinkongjianpzt" */ = {
			isa = XCConfigurationList;
			buildConfigurations = (
				13B07F941A680F5B00A75B9A /* Debug */,
				13B07F951A680F5B00A75B9A /* Release */,
				D578EADB232FA75C00C3FF31 /* Staging */,
			);
			defaultConfigurationIsVisible = 0;
			defaultConfigurationName = Release;
		};
		2D02E4BA1E0B4A5E006451C7 /* Build configuration list for PBXNativeTarget "xinkongjianpzt-tvOS" */ = {
			isa = XCConfigurationList;
			buildConfigurations = (
				2D02E4971E0B4A5E006451C7 /* Debug */,
				2D02E4981E0B4A5E006451C7 /* Release */,
				D578EADD232FA75C00C3FF31 /* Staging */,
			);
			defaultConfigurationIsVisible = 0;
			defaultConfigurationName = Release;
		};
		2D02E4BB1E0B4A5E006451C7 /* Build configuration list for PBXNativeTarget "xinkongjianpzt-tvOSTests" */ = {
			isa = XCConfigurationList;
			buildConfigurations = (
				2D02E4991E0B4A5E006451C7 /* Debug */,
				2D02E49A1E0B4A5E006451C7 /* Release */,
				D578EADE232FA75C00C3FF31 /* Staging */,
			);
			defaultConfigurationIsVisible = 0;
			defaultConfigurationName = Release;
		};
		83CBB9FA1A601CBA00E9B192 /* Build configuration list for PBXProject "xinkongjianpzt" */ = {
			isa = XCConfigurationList;
			buildConfigurations = (
				83CBBA201A601CBA00E9B192 /* Debug */,
				83CBBA211A601CBA00E9B192 /* Release */,
				D578EADA232FA75C00C3FF31 /* Staging */,
			);
			defaultConfigurationIsVisible = 0;
			defaultConfigurationName = Release;
		};
/* End XCConfigurationList section */
	};
	rootObject = 83CBB9F71A601CBA00E9B192 /* Project object */;
}
